
Microsoft Visual Studio Solution File, Format Version 12.00
# Visual Studio 14
VisualStudioVersion = 14.0.25420.1
MinimumVisualStudioVersion = 10.0.40219.1
Project("{8BC9CEB8-8B4A-11D0-8D11-00A0C91BC942}") = "src", "src\src.vcxproj", "{0F40A327-2F2D-4D37-90B5-2E1054180741}"
EndProject
Project("{8BC9CEB8-8B4A-11D0-8D11-00A0C91BC942}") = "test", "test\test.vcxproj", "{E7FCAB4B-4D6D-4E53-ACA8-8FAA96DC08E8}"
EndProject
Global
	GlobalSection(SolutionConfigurationPlatforms) = preSolution
		Debug|x64 = Debug|x64
		Debug|x86 = Debug|x86
		Release|x64 = Release|x64
		Release|x86 = Release|x86
	EndGlobalSection
	GlobalSection(ProjectConfigurationPlatforms) = postSolution
		{0F40A327-2F2D-4D37-90B5-2E1054180741}.Debug|x64.ActiveCfg = Debug|x64
		{0F40A327-2F2D-4D37-90B5-2E1054180741}.Debug|x64.Build.0 = Debug|x64
		{0F40A327-2F2D-4D37-90B5-2E1054180741}.Debug|x86.ActiveCfg = Debug|Win32
		{0F40A327-2F2D-4D37-90B5-2E1054180741}.Debug|x86.Build.0 = Debug|Win32
		{0F40A327-2F2D-4D37-90B5-2E1054180741}.Release|x64.ActiveCfg = Release|x64
		{0F40A327-2F2D-4D37-90B5-2E1054180741}.Release|x64.Build.0 = Release|x64
		{0F40A327-2F2D-4D37-90B5-2E1054180741}.Release|x86.ActiveCfg = Release|Win32
		{0F40A327-2F2D-4D37-90B5-2E1054180741}.Release|x86.Build.0 = Release|Win32
		{E7FCAB4B-4D6D-4E53-ACA8-8FAA96DC08E8}.Debug|x64.ActiveCfg = Debug|x64
		{E7FCAB4B-4D6D-4E53-ACA8-8FAA96DC08E8}.Debug|x64.Build.0 = Debug|x64
		{E7FCAB4B-4D6D-4E53-ACA8-8FAA96DC08E8}.Debug|x86.ActiveCfg = Debug|Win32
		{E7FCAB4B-4D6D-4E53-ACA8-8FAA96DC08E8}.Debug|x86.Build.0 = Debug|Win32
		{E7FCAB4B-4D6D-4E53-ACA8-8FAA96DC08E8}.Release|x64.ActiveCfg = Release|x64
		{E7FCAB4B-4D6D-4E53-ACA8-8FAA96DC08E8}.Release|x64.Build.0 = Release|x64
		{E7FCAB4B-4D6D-4E53-ACA8-8FAA96DC08E8}.Release|x86.ActiveCfg = Release|Win32
		{E7FCAB4B-4D6D-4E53-ACA8-8FAA96DC08E8}.Release|x86.Build.0 = Release|Win32
	EndGlobalSection
	GlobalSection(SolutionProperties) = preSolution
		HideSolutionNode = FALSE
	EndGlobalSection
EndGlobal
