Microsoft Visual Studio Solution File, Format Version 12.00
# Visual Studio 15
VisualStudioVersion = 15.0.28016.0
MinimumVisualStudioVersion = 10.0.40219.1
Project("{8BC9CEB8-8B4A-11D0-8D11-00A0C91BC942}") = "rlclientlib", "rlclientlib\rlclientlib.vcxproj", "{C40E3263-B6FF-46D5-92F7-D67E6F9FCEDD}"
EndProject
Project("{8BC9CEB8-8B4A-11D0-8D11-00A0C91BC942}") = "vw_core", "..\vowpalwabbit\vw_core.vcxproj", "{1E205806-7F80-47DD-A38D-FC08083F3593}"
EndProject
Project("{8BC9CEB8-8B4A-11D0-8D11-00A0C91BC942}") = "basic_usage_cpp", "examples\basic_usage_cpp\basic_usage_cpp.vcxproj", "{C5D19F4E-174D-40F0-8CD9-B92CBCE721E0}"
EndProject
Project("{8BC9CEB8-8B4A-11D0-8D11-00A0C91BC942}") = "rl_sim_cpp", "examples\rl_sim_cpp\rl_sim_cpp.vcxproj", "{E86A833A-514D-424D-9FE7-154225031662}"
EndProject
Project("{8BC9CEB8-8B4A-11D0-8D11-00A0C91BC942}") = "rl.net.native", "bindings\cs\rl.net.native\rl.net.native.vcxproj", "{72FE899E-F26B-4DCB-B08E-7CF0F3FEE619}"
EndProject
Project("{9A19103F-16F7-4668-BE54-9A1E7A4F7556}") = "rl.net", "bindings\cs\rl.net\rl.net.csproj", "{B7A1DDE1-6CD5-4BC6-ABC9-CE005CA7AD29}"
EndProject
Project("{FAE04EC0-301F-11D3-BF4B-00C04F79EFBC}") = "rl.net.cli", "bindings\cs\rl.net.cli\rl.net.cli.csproj", "{D0A78C03-F8E9-447F-99D4-795F6E33D8CE}"
EndProject
Global
	GlobalSection(SolutionConfigurationPlatforms) = preSolution
		Debug|x64 = Debug|x64
		Release|x64 = Release|x64
	EndGlobalSection
	GlobalSection(ProjectConfigurationPlatforms) = postSolution
		{C40E3263-B6FF-46D5-92F7-D67E6F9FCEDD}.Debug|x64.ActiveCfg = Debug|x64
		{C40E3263-B6FF-46D5-92F7-D67E6F9FCEDD}.Debug|x64.Build.0 = Debug|x64
		{C40E3263-B6FF-46D5-92F7-D67E6F9FCEDD}.Release|x64.ActiveCfg = Release|x64
		{C40E3263-B6FF-46D5-92F7-D67E6F9FCEDD}.Release|x64.Build.0 = Release|x64
		{1E205806-7F80-47DD-A38D-FC08083F3593}.Debug|x64.ActiveCfg = Debug|x64
		{1E205806-7F80-47DD-A38D-FC08083F3593}.Debug|x64.Build.0 = Debug|x64
		{1E205806-7F80-47DD-A38D-FC08083F3593}.Release|x64.ActiveCfg = Release|x64
		{1E205806-7F80-47DD-A38D-FC08083F3593}.Release|x64.Build.0 = Release|x64
		{C5D19F4E-174D-40F0-8CD9-B92CBCE721E0}.Debug|x64.ActiveCfg = Debug|x64
		{C5D19F4E-174D-40F0-8CD9-B92CBCE721E0}.Debug|x64.Build.0 = Debug|x64
		{C5D19F4E-174D-40F0-8CD9-B92CBCE721E0}.Release|x64.ActiveCfg = Release|x64
		{C5D19F4E-174D-40F0-8CD9-B92CBCE721E0}.Release|x64.Build.0 = Release|x64
		{E86A833A-514D-424D-9FE7-154225031662}.Debug|x64.ActiveCfg = Debug|x64
		{E86A833A-514D-424D-9FE7-154225031662}.Debug|x64.Build.0 = Debug|x64
		{E86A833A-514D-424D-9FE7-154225031662}.Release|x64.ActiveCfg = Release|x64
		{E86A833A-514D-424D-9FE7-154225031662}.Release|x64.Build.0 = Release|x64
		{72FE899E-F26B-4DCB-B08E-7CF0F3FEE619}.Debug|x64.ActiveCfg = Debug|x64
		{72FE899E-F26B-4DCB-B08E-7CF0F3FEE619}.Debug|x64.Build.0 = Debug|x64
		{72FE899E-F26B-4DCB-B08E-7CF0F3FEE619}.Release|x64.ActiveCfg = Release|x64
		{72FE899E-F26B-4DCB-B08E-7CF0F3FEE619}.Release|x64.Build.0 = Release|x64
		{B7A1DDE1-6CD5-4BC6-ABC9-CE005CA7AD29}.Debug|x64.ActiveCfg = Debug|x64
		{B7A1DDE1-6CD5-4BC6-ABC9-CE005CA7AD29}.Debug|x64.Build.0 = Debug|x64
		{B7A1DDE1-6CD5-4BC6-ABC9-CE005CA7AD29}.Release|x64.ActiveCfg = Release|Any CPU
		{B7A1DDE1-6CD5-4BC6-ABC9-CE005CA7AD29}.Release|x64.Build.0 = Release|Any CPU
		{D0A78C03-F8E9-447F-99D4-795F6E33D8CE}.Debug|x64.ActiveCfg = Debug|x64
		{D0A78C03-F8E9-447F-99D4-795F6E33D8CE}.Debug|x64.Build.0 = Debug|x64
		{D0A78C03-F8E9-447F-99D4-795F6E33D8CE}.Release|x64.ActiveCfg = Release|x64
		{D0A78C03-F8E9-447F-99D4-795F6E33D8CE}.Release|x64.Build.0 = Release|x64
	EndGlobalSection
	GlobalSection(SolutionProperties) = preSolution
		HideSolutionNode = FALSE
	EndGlobalSection
	GlobalSection(ExtensibilityGlobals) = postSolution
		SolutionGuid = {A17116EE-7712-4404-BA22-6FE55793158E}
	EndGlobalSection
EndGlobal
