
Microsoft Visual Studio Solution File, Format Version 12.00
# Visual Studio 2013
VisualStudioVersion = 12.0.31101.0
MinimumVisualStudioVersion = 10.0.40219.1
Project("{8BC9CEB8-8B4A-11D0-8D11-00A0C91BC942}") = "explore_static", "static\explore_static.vcxproj", "{ACE47E98-488C-4CDF-B9F1-36337B2855AD}"
EndProject
Project("{8BC9CEB8-8B4A-11D0-8D11-00A0C91BC942}") = "explore_clr", "clr\explore_clr.vcxproj", "{8400DA16-1F46-4A31-A126-BBE16F62BFD7}"
EndProject
Project("{8BC9CEB8-8B4A-11D0-8D11-00A0C91BC942}") = "explore_tests", "tests\explore_tests.vcxproj", "{5AE3AA40-BEB0-4979-8166-3B885172C430}"
EndProject
Project("{FAE04EC0-301F-11D3-BF4B-00C04F79EFBC}") = "ExploreTests", "tests\ExploreTests.csproj", "{CB0C6B20-560C-4822-8EF6-DA999A64B542}"
EndProject
Global
	GlobalSection(SolutionConfigurationPlatforms) = preSolution
		Debug|Win32 = Debug|Win32
		Debug|x64 = Debug|x64
		Release|Win32 = Release|Win32
		Release|x64 = Release|x64
	EndGlobalSection
	GlobalSection(ProjectConfigurationPlatforms) = postSolution
		{ACE47E98-488C-4CDF-B9F1-36337B2855AD}.Debug|Win32.ActiveCfg = Debug|Win32
		{ACE47E98-488C-4CDF-B9F1-36337B2855AD}.Debug|Win32.Build.0 = Debug|Win32
		{ACE47E98-488C-4CDF-B9F1-36337B2855AD}.Debug|x64.ActiveCfg = Debug|x64
		{ACE47E98-488C-4CDF-B9F1-36337B2855AD}.Debug|x64.Build.0 = Debug|x64
		{ACE47E98-488C-4CDF-B9F1-36337B2855AD}.Release|Win32.ActiveCfg = Release|Win32
		{ACE47E98-488C-4CDF-B9F1-36337B2855AD}.Release|Win32.Build.0 = Release|Win32
		{ACE47E98-488C-4CDF-B9F1-36337B2855AD}.Release|x64.ActiveCfg = Release|x64
		{ACE47E98-488C-4CDF-B9F1-36337B2855AD}.Release|x64.Build.0 = Release|x64
		{8400DA16-1F46-4A31-A126-BBE16F62BFD7}.Debug|Win32.ActiveCfg = Debug|Win32
		{8400DA16-1F46-4A31-A126-BBE16F62BFD7}.Debug|Win32.Build.0 = Debug|Win32
		{8400DA16-1F46-4A31-A126-BBE16F62BFD7}.Debug|x64.ActiveCfg = Debug|x64
		{8400DA16-1F46-4A31-A126-BBE16F62BFD7}.Debug|x64.Build.0 = Debug|x64
		{8400DA16-1F46-4A31-A126-BBE16F62BFD7}.Release|Win32.ActiveCfg = Release|Win32
		{8400DA16-1F46-4A31-A126-BBE16F62BFD7}.Release|Win32.Build.0 = Release|Win32
		{8400DA16-1F46-4A31-A126-BBE16F62BFD7}.Release|x64.ActiveCfg = Release|x64
		{8400DA16-1F46-4A31-A126-BBE16F62BFD7}.Release|x64.Build.0 = Release|x64
		{5AE3AA40-BEB0-4979-8166-3B885172C430}.Debug|Win32.ActiveCfg = Debug|Win32
		{5AE3AA40-BEB0-4979-8166-3B885172C430}.Debug|Win32.Build.0 = Debug|Win32
		{5AE3AA40-BEB0-4979-8166-3B885172C430}.Debug|x64.ActiveCfg = Debug|x64
		{5AE3AA40-BEB0-4979-8166-3B885172C430}.Debug|x64.Build.0 = Debug|x64
		{5AE3AA40-BEB0-4979-8166-3B885172C430}.Release|Win32.ActiveCfg = Release|Win32
		{5AE3AA40-BEB0-4979-8166-3B885172C430}.Release|Win32.Build.0 = Release|Win32
		{5AE3AA40-BEB0-4979-8166-3B885172C430}.Release|x64.ActiveCfg = Release|x64
		{5AE3AA40-BEB0-4979-8166-3B885172C430}.Release|x64.Build.0 = Release|x64
		{CB0C6B20-560C-4822-8EF6-DA999A64B542}.Debug|Win32.ActiveCfg = Debug|x86
		{CB0C6B20-560C-4822-8EF6-DA999A64B542}.Debug|Win32.Build.0 = Debug|x86
		{CB0C6B20-560C-4822-8EF6-DA999A64B542}.Debug|x64.ActiveCfg = Debug|x64
		{CB0C6B20-560C-4822-8EF6-DA999A64B542}.Debug|x64.Build.0 = Debug|x64
		{CB0C6B20-560C-4822-8EF6-DA999A64B542}.Release|Win32.ActiveCfg = Release|x86
		{CB0C6B20-560C-4822-8EF6-DA999A64B542}.Release|Win32.Build.0 = Release|x86
		{CB0C6B20-560C-4822-8EF6-DA999A64B542}.Release|x64.ActiveCfg = Release|x64
		{CB0C6B20-560C-4822-8EF6-DA999A64B542}.Release|x64.Build.0 = Release|x64
	EndGlobalSection
	GlobalSection(SolutionProperties) = preSolution
		HideSolutionNode = FALSE
	EndGlobalSection
EndGlobal
