<?xml version="1.0" encoding="utf-8"?>
<Project ToolsVersion="4.0" xmlns="http://schemas.microsoft.com/developer/msbuild/2003">
  <ItemGroup>
    <Filter Include="Source Files">
      <UniqueIdentifier>{4FC737F1-C7A5-4376-A066-2A32D752A2FF}</UniqueIdentifier>
      <Extensions>cpp;c;cc;cxx;def;odl;idl;hpj;bat;asm;asmx</Extensions>
    </Filter>
    <Filter Include="Header Files">
      <UniqueIdentifier>{93995380-89BD-4b04-88EB-625FBE52EBFB}</UniqueIdentifier>
      <Extensions>h;hh;hpp;hxx;hm;inl;inc;xsd</Extensions>
    </Filter>
    <Filter Include="Resource Files">
      <UniqueIdentifier>{67DA6AB6-F800-4c08-8B7A-83BB121AAD01}</UniqueIdentifier>
      <Extensions>rc;ico;cur;bmp;dlg;rc2;rct;bin;rgs;gif;jpg;jpeg;jpe;resx;tiff;tif;png;wav;mfcribbon-ms</Extensions>
    </Filter>
  </ItemGroup>
  <ItemGroup>
    <ClInclude Include="vw_clr.h">
      <Filter>Header Files</Filter>
    </ClInclude>
    <ClInclude Include="clr_io.h">
      <Filter>Header Files</Filter>
    </ClInclude>
    <ClInclude Include="vw_base.h">
      <Filter>Header Files</Filter>
    </ClInclude>
    <ClInclude Include="vw_model.h">
      <Filter>Header Files</Filter>
    </ClInclude>
    <ClInclude Include="vowpalwabbit.h">
      <Filter>Header Files</Filter>
    </ClInclude>
    <ClInclude Include="vw_prediction.h">
      <Filter>Header Files</Filter>
    </ClInclude>
    <ClInclude Include="vw_example.h">
      <Filter>Header Files</Filter>
    </ClInclude>
    <ClInclude Include="vw_builder.h">
      <Filter>Header Files</Filter>
    </ClInclude>
    <ClInclude Include="vw_interface.h">
      <Filter>Header Files</Filter>
    </ClInclude>
    <ClInclude Include="vw_settings.h">
      <Filter>Header Files</Filter>
    </ClInclude>
    <ClInclude Include="spanning_tree_clr.h">
      <Filter>Header Files</Filter>
    </ClInclude>
    <ClInclude Include="vw_arguments.h">
      <Filter>Header Files</Filter>
    </ClInclude>
    <ClInclude Include="clr_io_memory.h">
      <Filter>Header Files</Filter>
    </ClInclude>
    <ClInclude Include="vw_labelcomparator.h">
      <Filter>Header Files</Filter>
    </ClInclude>
    <ClInclude Include="vw_label.h">
      <Filter>Header Files</Filter>
    </ClInclude>
    <ClInclude Include="vw_cbutil.h">
      <Filter>Header Files</Filter>
    </ClInclude>
    <ClInclude Include="resource.h">
      <Filter>Header Files</Filter>
    </ClInclude>
  </ItemGroup>
  <ItemGroup>
    <ClCompile Include="vw_example.cpp">
      <Filter>Source Files</Filter>
    </ClCompile>
    <ClCompile Include="vw_base.cpp">
      <Filter>Source Files</Filter>
    </ClCompile>
    <ClCompile Include="vw_model.cpp">
      <Filter>Source Files</Filter>
    </ClCompile>
    <ClCompile Include="vw_prediction.cpp">
      <Filter>Source Files</Filter>
    </ClCompile>
    <ClCompile Include="clr_io.cpp">
      <Filter>Source Files</Filter>
    </ClCompile>
    <ClCompile Include="vw_exception.cpp">
      <Filter>Source Files</Filter>
    </ClCompile>
    <ClCompile Include="vowpalwabbit.cpp">
      <Filter>Source Files</Filter>
    </ClCompile>
    <ClCompile Include="vw_builder.cpp">
      <Filter>Source Files</Filter>
    </ClCompile>
    <ClCompile Include="spanning_tree_clr.cpp">
      <Filter>Source Files</Filter>
    </ClCompile>
    <ClCompile Include="clr_io_memory.cpp">
      <Filter>Source Files</Filter>
    </ClCompile>
    <ClCompile Include="vw_cbutil.cpp">
      <Filter>Source Files</Filter>
    </ClCompile>
    <ClCompile Include="AssemblyInfo.cpp">
      <Filter>Source Files</Filter>
    </ClCompile>
  </ItemGroup>
  <ItemGroup>
    <ResourceCompile Include="Resource.rc">
      <Filter>Resource Files</Filter>
    </ResourceCompile>
  </ItemGroup>
  <ItemGroup>
    <None Include="packages.config" />
  </ItemGroup>
</Project>