<?xml version="1.0" encoding="utf-8"?>
<Project ToolsVersion="4.0" xmlns="http://schemas.microsoft.com/developer/msbuild/2003">
  <ItemGroup>
    <Filter Include="Source Files">
      <UniqueIdentifier>{4FC737F1-C7A5-4376-A066-2A32D752A2FF}</UniqueIdentifier>
      <Extensions>cpp;c;cc;cxx;def;odl;idl;hpj;bat;asm;asmx</Extensions>
    </Filter>
    <Filter Include="Header Files">
      <UniqueIdentifier>{93995380-89BD-4b04-88EB-625FBE52EBFB}</UniqueIdentifier>
      <Extensions>h;hpp;hxx;hm;inl;inc;xsd</Extensions>
    </Filter>
    <Filter Include="Resource Files">
      <UniqueIdentifier>{67DA6AB6-F800-4c08-8B7A-83BB121AAD01}</UniqueIdentifier>
      <Extensions>rc;ico;cur;bmp;dlg;rc2;rct;bin;rgs;gif;jpg;jpeg;jpe;resx;tiff;tif;png;wav;mfcribbon-ms</Extensions>
    </Filter>
  </ItemGroup>
  <ItemGroup>
    <ClCompile Include="automl_test.cc">
      <Filter>Source Files</Filter>
    </ClCompile>
    <ClCompile Include="automl_weights_test.cc">
      <Filter>Source Files</Filter>
    </ClCompile>
    <ClCompile Include="cache_test.cc">
      <Filter>Source Files</Filter>
    </ClCompile>
    <ClCompile Include="cb_explore_adf_test.cc">
      <Filter>Source Files</Filter>
    </ClCompile>
    <ClCompile Include="ccb_parser_test.cc">
      <Filter>Source Files</Filter>
    </ClCompile>
    <ClCompile Include="ccb_test.cc">
      <Filter>Source Files</Filter>
    </ClCompile>
    <ClCompile Include="cats_test.cc">
      <Filter>Source Files</Filter>
    </ClCompile>
    <ClCompile Include="cats_user_provided_pdf.cc">
      <Filter>Source Files</Filter>
    </ClCompile>
    <ClCompile Include="continuous_actions_parser_test.cc">
      <Filter>Source Files</Filter>
    </ClCompile>
    <ClCompile Include="distributionally_robust_test.cc">
      <Filter>Source Files</Filter>
    </ClCompile>
    <ClCompile Include="dsjson_parser_test.cc">
      <Filter>Source Files</Filter>
    </ClCompile>
    <ClCompile Include="error_test.cc">
      <Filter>Source Files</Filter>
    </ClCompile>
    <ClCompile Include="example_header_test.cc">
      <Filter>Source Files</Filter>
    </ClCompile>
    <ClCompile Include="explore_test.cc">
      <Filter>Source Files</Filter>
    </ClCompile>
    <ClCompile Include="feature_group_test.cc">
      <Filter>Source Files</Filter>
    </ClCompile>
    <ClCompile Include="guard_test.cc">
      <Filter>Source Files</Filter>
    </ClCompile>
    <ClCompile Include="initialize_test.cc">
      <Filter>Source Files</Filter>
    </ClCompile>
    <ClCompile Include="interactions_test.cc">
      <Filter>Source Files</Filter>
    </ClCompile>
    <ClCompile Include="io_adapter_test.cc">
      <Filter>Source Files</Filter>
    </ClCompile>
    <ClCompile Include="json_parser_test.cc">
      <Filter>Source Files</Filter>
    </ClCompile>
    <ClCompile Include="main.cc">
      <Filter>Source Files</Filter>
    </ClCompile>
    <ClCompile Include="math_test.cc">
      <Filter>Source Files</Filter>
    </ClCompile>
    <ClCompile Include="object_pool_test.cc">
      <Filter>Source Files</Filter>
    </ClCompile>
    <ClCompile Include="options_boost_po_test.cc">
      <Filter>Source Files</Filter>
    </ClCompile>
    <ClCompile Include="options_test.cc">
      <Filter>Source Files</Filter>
    </ClCompile>
    <ClCompile Include="offset_tree_test.cc">
      <Filter>Source Files</Filter>
    </ClCompile>
    <ClCompile Include="ostream_test.cc">
      <Filter>Source Files</Filter>
    </ClCompile>
    <ClCompile Include="power_test.cc">
      <Filter>Source Files</Filter>
    </ClCompile>
    <ClCompile Include="options_boost_po_test.cc">
      <Filter>Source Files</Filter>
    </ClCompile>
    <ClCompile Include="stable_unique_test.cc">
      <Filter>Source Files</Filter>
    </ClCompile>
    <ClCompile Include="vwdll_test.cc">
      <Filter>Source Files</Filter>
    </ClCompile>
    <ClCompile Include="random_test.cc">
      <Filter>Source Files</Filter>
    </ClCompile>
    <ClCompile Include="pmf_to_pdf_test.cc">
      <Filter>Source Files</Filter>
    </ClCompile>
    <ClCompile Include="cats_tree_test.cc">
      <Filter>Source Files</Filter>
    </ClCompile>
    <ClCompile Include="ccb_test.cc">
      <Filter>Source Files</Filter>
    </ClCompile>
    <ClCompile Include="slates_parser_test.cc">
      <Filter>Source Files</Filter>
    </ClCompile>
    <ClCompile Include="prediction_test.cc">
      <Filter>Source Files</Filter>
    </ClCompile>
    <ClCompile Include="custom_reduction_test.cc">
      <Filter>Source Files</Filter>
    </ClCompile>
    <ClCompile Include="minimal_custom_reduction.cc">
      <Filter>Source Files</Filter>
    </ClCompile>
    <ClCompile Include="scope_exit_test.cc">
      <Filter>Source Files</Filter>
    </ClCompile>
    <ClCompile Include="slates_test.cc">
      <Filter>Source Files</Filter>
    </ClCompile>
    <ClCompile Include="stable_unique_test.cc">
      <Filter>Source Files</Filter>
    </ClCompile>
    <ClCompile Include="tag_utils_test.cc">
      <Filter>Source Files</Filter>
    </ClCompile>
    <ClCompile Include="test_common.cc">
      <Filter>Source Files</Filter>
    </ClCompile>
    <ClCompile Include="vwdll_test.cc">
      <Filter>Source Files</Filter>
    </ClCompile>
    <ClCompile Include="numeric_cast_test.cc">
      <Filter>Source Files</Filter>
    </ClCompile>
    <ClCompile Include="parse_args_test.cc">
      <Filter>Source Files</Filter>
    </ClCompile>
    <ClCompile Include="simulator.cc">
      <Filter>Source Files</Filter>
    </ClCompile>
    <ClCompile Include="tutorial_test.cc">
      <Filter>Source Files</Filter>
    </ClCompile>
    <ClCompile Include="vw_versions_test.cc">
      <Filter>Source Files</Filter>
    </ClCompile>
    <ClCompile Include="weights_test.cc">
      <Filter>Source Files</Filter>
    </ClCompile>
    <ClCompile Include="flatbuffer_parser_test.cc">
      <Filter>Source Files</Filter>
    </ClCompile>
    <ClCompile Include="v_array_test.cc">
      <Filter>Source Files</Filter>
    </ClCompile>
  </ItemGroup>
  <ItemGroup>
    <ClInclude Include="simulator.h">
      <Filter>Header Files</Filter>
    </ClInclude>
    <ClInclude Include="test_common.h">
      <Filter>Header Files</Filter>
    </ClInclude>
  </ItemGroup>
  <ItemGroup>
    <None Include="packages.config" />
  </ItemGroup>
</Project>
