
Microsoft Visual Studio Solution File, Format Version 12.00
# Visual Studio 15
VisualStudioVersion = 15.0.27703.2047
MinimumVisualStudioVersion = 10.0.40219.1
Project("{8BC9CEB8-8B4A-11D0-8D11-00A0C91BC942}") = "onlinetrainer", "onlinetrainer\onlinetrainer.vcxproj", "{09F1CDCF-8A1C-41B5-A58B-73663E8B0BAA}"
EndProject
Global
	GlobalSection(SolutionConfigurationPlatforms) = preSolution
		Debug|x64 = Debug|x64
		Debug|x86 = Debug|x86
		Release|x64 = Release|x64
		Release|x86 = Release|x86
	EndGlobalSection
	GlobalSection(ProjectConfigurationPlatforms) = postSolution
		{09F1CDCF-8A1C-41B5-A58B-73663E8B0BAA}.Debug|x64.ActiveCfg = Debug|x64
		{09F1CDCF-8A1C-41B5-A58B-73663E8B0BAA}.Debug|x64.Build.0 = Debug|x64
		{09F1CDCF-8A1C-41B5-A58B-73663E8B0BAA}.Debug|x86.ActiveCfg = Debug|Win32
		{09F1CDCF-8A1C-41B5-A58B-73663E8B0BAA}.Debug|x86.Build.0 = Debug|Win32
		{09F1CDCF-8A1C-41B5-A58B-73663E8B0BAA}.Release|x64.ActiveCfg = Release|x64
		{09F1CDCF-8A1C-41B5-A58B-73663E8B0BAA}.Release|x64.Build.0 = Release|x64
		{09F1CDCF-8A1C-41B5-A58B-73663E8B0BAA}.Release|x86.ActiveCfg = Release|Win32
		{09F1CDCF-8A1C-41B5-A58B-73663E8B0BAA}.Release|x86.Build.0 = Release|Win32
	EndGlobalSection
	GlobalSection(SolutionProperties) = preSolution
		HideSolutionNode = FALSE
	EndGlobalSection
	GlobalSection(ExtensibilityGlobals) = postSolution
		SolutionGuid = {1A795B75-6FAF-4126-9B2D-3BA691B24B87}
	EndGlobalSection
EndGlobal
