
Microsoft Visual Studio Solution File, Format Version 12.00
# Visual Studio 15
VisualStudioVersion = 15.0.27703.2047
MinimumVisualStudioVersion = 10.0.40219.1
Project("{8BC9CEB8-8B4A-11D0-8D11-00A0C91BC942}") = "onlinetrainer.net.native", "onlinetrainer.net.native\onlinetrainer.net.native.vcxproj", "{09F1CDCF-8A1C-41B5-A58B-73663E8B0BAA}"
EndProject
Project("{9A19103F-16F7-4668-BE54-9A1E7A4F7556}") = "onlinetrainer.net", "onlinetraner.net\onlinetrainer.net.csproj", "{2A3CDCF4-B80A-41DF-84BC-6AA73D857388}"
EndProject
Project("{FAE04EC0-301F-11D3-BF4B-00C04F79EFBC}") = "onlinetrainer.net.cli", "onlinetrainer.net.cli\onlinetrainer.net.cli.csproj", "{09AB9806-B0B7-4C11-BAEA-FCD5BEF1C44B}"
EndProject
Global
	GlobalSection(SolutionConfigurationPlatforms) = preSolution
		Debug|Any CPU = Debug|Any CPU
		Debug|x64 = Debug|x64
		Debug|x86 = Debug|x86
		Release|Any CPU = Release|Any CPU
		Release|x64 = Release|x64
		Release|x86 = Release|x86
	EndGlobalSection
	GlobalSection(ProjectConfigurationPlatforms) = postSolution
		{09F1CDCF-8A1C-41B5-A58B-73663E8B0BAA}.Debug|Any CPU.ActiveCfg = Debug|Win32
		{09F1CDCF-8A1C-41B5-A58B-73663E8B0BAA}.Debug|x64.ActiveCfg = Debug|x64
		{09F1CDCF-8A1C-41B5-A58B-73663E8B0BAA}.Debug|x64.Build.0 = Debug|x64
		{09F1CDCF-8A1C-41B5-A58B-73663E8B0BAA}.Debug|x86.ActiveCfg = Debug|Win32
		{09F1CDCF-8A1C-41B5-A58B-73663E8B0BAA}.Debug|x86.Build.0 = Debug|Win32
		{09F1CDCF-8A1C-41B5-A58B-73663E8B0BAA}.Release|Any CPU.ActiveCfg = Release|Win32
		{09F1CDCF-8A1C-41B5-A58B-73663E8B0BAA}.Release|x64.ActiveCfg = Release|x64
		{09F1CDCF-8A1C-41B5-A58B-73663E8B0BAA}.Release|x64.Build.0 = Release|x64
		{09F1CDCF-8A1C-41B5-A58B-73663E8B0BAA}.Release|x86.ActiveCfg = Release|Win32
		{09F1CDCF-8A1C-41B5-A58B-73663E8B0BAA}.Release|x86.Build.0 = Release|Win32
		{2A3CDCF4-B80A-41DF-84BC-6AA73D857388}.Debug|Any CPU.ActiveCfg = Debug|Any CPU
		{2A3CDCF4-B80A-41DF-84BC-6AA73D857388}.Debug|Any CPU.Build.0 = Debug|Any CPU
		{2A3CDCF4-B80A-41DF-84BC-6AA73D857388}.Debug|x64.ActiveCfg = Debug|x64
		{2A3CDCF4-B80A-41DF-84BC-6AA73D857388}.Debug|x64.Build.0 = Debug|x64
		{2A3CDCF4-B80A-41DF-84BC-6AA73D857388}.Debug|x86.ActiveCfg = Debug|Any CPU
		{2A3CDCF4-B80A-41DF-84BC-6AA73D857388}.Debug|x86.Build.0 = Debug|Any CPU
		{2A3CDCF4-B80A-41DF-84BC-6AA73D857388}.Release|Any CPU.ActiveCfg = Release|Any CPU
		{2A3CDCF4-B80A-41DF-84BC-6AA73D857388}.Release|Any CPU.Build.0 = Release|Any CPU
		{2A3CDCF4-B80A-41DF-84BC-6AA73D857388}.Release|x64.ActiveCfg = Release|x64
		{2A3CDCF4-B80A-41DF-84BC-6AA73D857388}.Release|x64.Build.0 = Release|x64
		{2A3CDCF4-B80A-41DF-84BC-6AA73D857388}.Release|x86.ActiveCfg = Release|Any CPU
		{2A3CDCF4-B80A-41DF-84BC-6AA73D857388}.Release|x86.Build.0 = Release|Any CPU
		{09AB9806-B0B7-4C11-BAEA-FCD5BEF1C44B}.Debug|Any CPU.ActiveCfg = Debug|Any CPU
		{09AB9806-B0B7-4C11-BAEA-FCD5BEF1C44B}.Debug|Any CPU.Build.0 = Debug|Any CPU
		{09AB9806-B0B7-4C11-BAEA-FCD5BEF1C44B}.Debug|x64.ActiveCfg = Debug|Any CPU
		{09AB9806-B0B7-4C11-BAEA-FCD5BEF1C44B}.Debug|x64.Build.0 = Debug|Any CPU
		{09AB9806-B0B7-4C11-BAEA-FCD5BEF1C44B}.Debug|x86.ActiveCfg = Debug|Any CPU
		{09AB9806-B0B7-4C11-BAEA-FCD5BEF1C44B}.Debug|x86.Build.0 = Debug|Any CPU
		{09AB9806-B0B7-4C11-BAEA-FCD5BEF1C44B}.Release|Any CPU.ActiveCfg = Release|Any CPU
		{09AB9806-B0B7-4C11-BAEA-FCD5BEF1C44B}.Release|Any CPU.Build.0 = Release|Any CPU
		{09AB9806-B0B7-4C11-BAEA-FCD5BEF1C44B}.Release|x64.ActiveCfg = Release|Any CPU
		{09AB9806-B0B7-4C11-BAEA-FCD5BEF1C44B}.Release|x64.Build.0 = Release|Any CPU
		{09AB9806-B0B7-4C11-BAEA-FCD5BEF1C44B}.Release|x86.ActiveCfg = Release|Any CPU
		{09AB9806-B0B7-4C11-BAEA-FCD5BEF1C44B}.Release|x86.Build.0 = Release|Any CPU
	EndGlobalSection
	GlobalSection(SolutionProperties) = preSolution
		HideSolutionNode = FALSE
	EndGlobalSection
	GlobalSection(ExtensibilityGlobals) = postSolution
		SolutionGuid = {1A795B75-6FAF-4126-9B2D-3BA691B24B87}
	EndGlobalSection
EndGlobal
