Microsoft Visual Studio Solution File, Format Version 12.00
# Visual Studio 2013
VisualStudioVersion = 12.0.40629.0
MinimumVisualStudioVersion = 10.0.40219.1
Project("{8BC9CEB8-8B4A-11D0-8D11-00A0C91BC942}") = "libvw", "libvw.vcxproj", "{EA52DE0D-A5BE-4FB9-8C84-3A57BDFEBED9}"
	ProjectSection(ProjectDependencies) = postProject
		{1E205806-7F80-47DD-A38D-FC08083F3592} = {1E205806-7F80-47DD-A38D-FC08083F3592}
	EndProjectSection
EndProject
Project("{8BC9CEB8-8B4A-11D0-8D11-00A0C91BC942}") = "vw_static", "vw_static.vcxproj", "{1E205806-7F80-47DD-A38D-FC08083F3592}"
EndProject
Project("{8BC9CEB8-8B4A-11D0-8D11-00A0C91BC942}") = "vw", "vw.vcxproj", "{1055A78F-1E3A-4E6C-BBF5-0B63299C4ADF}"
	ProjectSection(ProjectDependencies) = postProject
		{EA52DE0D-A5BE-4FB9-8C84-3A57BDFEBED9} = {EA52DE0D-A5BE-4FB9-8C84-3A57BDFEBED9}
	EndProjectSection
EndProject
Project("{8BC9CEB8-8B4A-11D0-8D11-00A0C91BC942}") = "c_test", "..\c_test\c_test.vcxproj", "{E5865596-E5F0-4CA3-B04A-4E34B798744A}"
	ProjectSection(ProjectDependencies) = postProject
		{1E205806-7F80-47DD-A38D-FC08083F3592} = {1E205806-7F80-47DD-A38D-FC08083F3592}
		{EA52DE0D-A5BE-4FB9-8C84-3A57BDFEBED9} = {EA52DE0D-A5BE-4FB9-8C84-3A57BDFEBED9}
		{1055A78F-1E3A-4E6C-BBF5-0B63299C4ADF} = {1055A78F-1E3A-4E6C-BBF5-0B63299C4ADF}
	EndProjectSection
EndProject
Project("{8BC9CEB8-8B4A-11D0-8D11-00A0C91BC942}") = "spanning_tree", "..\cluster\cluster.vcxproj", "{2720BCD9-6731-4A11-BA24-1F74E35BA97F}"
EndProject
Project("{8BC9CEB8-8B4A-11D0-8D11-00A0C91BC942}") = "deploy_vw", "..\deploy_vw\deploy_vw.vcxproj", "{D3D9B744-D0FC-4BC7-94A8-89C1AC5692DE}"
	ProjectSection(ProjectDependencies) = postProject
		{1055A78F-1E3A-4E6C-BBF5-0B63299C4ADF} = {1055A78F-1E3A-4E6C-BBF5-0B63299C4ADF}
		{2720BCD9-6731-4A11-BA24-1F74E35BA97F} = {2720BCD9-6731-4A11-BA24-1F74E35BA97F}
	EndProjectSection
EndProject
Project("{2150E333-8FDC-42A3-9474-1A3956D46DE8}") = ".nuget", ".nuget", "{F867BBEE-0FA3-41E5-AE01-4808D75936D3}"
	ProjectSection(SolutionItems) = preProject
		.nuget\NuGet.Config = .nuget\NuGet.Config
		.nuget\NuGet.exe = .nuget\NuGet.exe
		.nuget\NuGet.targets = .nuget\NuGet.targets
	EndProjectSection
EndProject
Project("{2150E333-8FDC-42A3-9474-1A3956D46DE8}") = "Solution Items", "Solution Items", "{0FB48525-3C88-4BBA-BED1-E838D452C544}"
EndProject
Project("{8BC9CEB8-8B4A-11D0-8D11-00A0C91BC942}") = "cs_vld", "..\cs\cli\cs_vld.vcxproj", "{3D57A6AF-DE8C-40DC-ABDE-E4CE1B9C0D20}"
EndProject
Project("{8BC9CEB8-8B4A-11D0-8D11-00A0C91BC942}") = "vw_dynamic", "vw_dynamic.vcxproj", "{1E205806-7F80-47DD-A38D-FC08083F3593}"
EndProject
Project("{930C7802-8A8C-48F9-8165-68863BCCD9DD}") = "setup", "..\cs\setup\setup.wixproj", "{1F25D39D-71C3-4FDE-A58F-D3D5D4F6DFFB}"
EndProject
Project("{930C7802-8A8C-48F9-8165-68863BCCD9DD}") = "setup_bundle", "..\cs\setup_bundle\setup_bundle.wixproj", "{A80650FD-7DCA-4B80-B52E-D22D5CAE9E92}"
EndProject
Project("{CC5FD16D-436D-48AD-A40C-5A424C6E3E79}") = "azure_service", "..\cs\azure_service\azure_service.ccproj", "{7263F536-3ABE-4A8E-BA66-1341D6A53579}"
EndProject
Global
	GlobalSection(SolutionConfigurationPlatforms) = preSolution
		Debug|x64 = Debug|x64
		DebugLeakCheck|x64 = DebugLeakCheck|x64
		Release|x64 = Release|x64
	EndGlobalSection
	GlobalSection(ProjectConfigurationPlatforms) = postSolution
		{EA52DE0D-A5BE-4FB9-8C84-3A57BDFEBED9}.Debug|x64.ActiveCfg = Debug|x64
		{EA52DE0D-A5BE-4FB9-8C84-3A57BDFEBED9}.Debug|x64.Build.0 = Debug|x64
		{EA52DE0D-A5BE-4FB9-8C84-3A57BDFEBED9}.DebugLeakCheck|x64.ActiveCfg = DebugLeakCheck|x64
		{EA52DE0D-A5BE-4FB9-8C84-3A57BDFEBED9}.DebugLeakCheck|x64.Build.0 = DebugLeakCheck|x64
		{EA52DE0D-A5BE-4FB9-8C84-3A57BDFEBED9}.Release|x64.ActiveCfg = Release|x64
		{EA52DE0D-A5BE-4FB9-8C84-3A57BDFEBED9}.Release|x64.Build.0 = Release|x64
		{1E205806-7F80-47DD-A38D-FC08083F3592}.Debug|x64.ActiveCfg = Debug|x64
		{1E205806-7F80-47DD-A38D-FC08083F3592}.Debug|x64.Build.0 = Debug|x64
		{1E205806-7F80-47DD-A38D-FC08083F3592}.DebugLeakCheck|x64.ActiveCfg = DebugLeakCheck|x64
		{1E205806-7F80-47DD-A38D-FC08083F3592}.DebugLeakCheck|x64.Build.0 = DebugLeakCheck|x64
		{1E205806-7F80-47DD-A38D-FC08083F3592}.Release|x64.ActiveCfg = Release|x64
		{1E205806-7F80-47DD-A38D-FC08083F3592}.Release|x64.Build.0 = Release|x64
		{1055A78F-1E3A-4E6C-BBF5-0B63299C4ADF}.Debug|x64.ActiveCfg = Debug|x64
		{1055A78F-1E3A-4E6C-BBF5-0B63299C4ADF}.Debug|x64.Build.0 = Debug|x64
		{1055A78F-1E3A-4E6C-BBF5-0B63299C4ADF}.DebugLeakCheck|x64.ActiveCfg = DebugLeakCheck|x64
		{1055A78F-1E3A-4E6C-BBF5-0B63299C4ADF}.Release|x64.ActiveCfg = Release|x64
		{1055A78F-1E3A-4E6C-BBF5-0B63299C4ADF}.Release|x64.Build.0 = Release|x64
		{E5865596-E5F0-4CA3-B04A-4E34B798744A}.Debug|x64.ActiveCfg = Debug|x64
		{E5865596-E5F0-4CA3-B04A-4E34B798744A}.Debug|x64.Build.0 = Debug|x64
		{E5865596-E5F0-4CA3-B04A-4E34B798744A}.DebugLeakCheck|x64.ActiveCfg = DebugLeakCheck|x64
		{E5865596-E5F0-4CA3-B04A-4E34B798744A}.Release|x64.ActiveCfg = Release|x64
		{E5865596-E5F0-4CA3-B04A-4E34B798744A}.Release|x64.Build.0 = Release|x64
		{2720BCD9-6731-4A11-BA24-1F74E35BA97F}.Debug|x64.ActiveCfg = Debug|x64
		{2720BCD9-6731-4A11-BA24-1F74E35BA97F}.Debug|x64.Build.0 = Debug|x64
		{2720BCD9-6731-4A11-BA24-1F74E35BA97F}.DebugLeakCheck|x64.ActiveCfg = DebugLeakCheck|x64
		{2720BCD9-6731-4A11-BA24-1F74E35BA97F}.Release|x64.ActiveCfg = Release|x64
		{2720BCD9-6731-4A11-BA24-1F74E35BA97F}.Release|x64.Build.0 = Release|x64
		{D3D9B744-D0FC-4BC7-94A8-89C1AC5692DE}.Debug|x64.ActiveCfg = Debug|x64
		{D3D9B744-D0FC-4BC7-94A8-89C1AC5692DE}.DebugLeakCheck|x64.ActiveCfg = DebugLeakCheck|x64
		{D3D9B744-D0FC-4BC7-94A8-89C1AC5692DE}.Release|x64.ActiveCfg = Release|x64
		{3D57A6AF-DE8C-40DC-ABDE-E4CE1B9C0D20}.Debug|x64.ActiveCfg = Debug|x64
		{3D57A6AF-DE8C-40DC-ABDE-E4CE1B9C0D20}.DebugLeakCheck|x64.ActiveCfg = DebugLeakCheck|x64
		{3D57A6AF-DE8C-40DC-ABDE-E4CE1B9C0D20}.DebugLeakCheck|x64.Build.0 = DebugLeakCheck|x64
		{3D57A6AF-DE8C-40DC-ABDE-E4CE1B9C0D20}.Release|x64.ActiveCfg = Release|x64
		{1E205806-7F80-47DD-A38D-FC08083F3593}.Debug|x64.ActiveCfg = Debug|x64
		{1E205806-7F80-47DD-A38D-FC08083F3593}.Debug|x64.Build.0 = Debug|x64
		{1E205806-7F80-47DD-A38D-FC08083F3593}.DebugLeakCheck|x64.ActiveCfg = DebugLeakCheck|x64
		{1E205806-7F80-47DD-A38D-FC08083F3593}.DebugLeakCheck|x64.Build.0 = DebugLeakCheck|x64
		{1E205806-7F80-47DD-A38D-FC08083F3593}.Release|x64.ActiveCfg = Release|x64
		{1E205806-7F80-47DD-A38D-FC08083F3593}.Release|x64.Build.0 = Release|x64
		{1F25D39D-71C3-4FDE-A58F-D3D5D4F6DFFB}.Debug|x64.ActiveCfg = Debug|x64
		{1F25D39D-71C3-4FDE-A58F-D3D5D4F6DFFB}.DebugLeakCheck|x64.ActiveCfg = Debug|x86
		{1F25D39D-71C3-4FDE-A58F-D3D5D4F6DFFB}.Release|x64.ActiveCfg = Release|x64
		{1F25D39D-71C3-4FDE-A58F-D3D5D4F6DFFB}.Release|x64.Build.0 = Release|x64
		{A80650FD-7DCA-4B80-B52E-D22D5CAE9E92}.Debug|x64.ActiveCfg = Debug|x64
		{A80650FD-7DCA-4B80-B52E-D22D5CAE9E92}.DebugLeakCheck|x64.ActiveCfg = Debug|x86
		{A80650FD-7DCA-4B80-B52E-D22D5CAE9E92}.Release|x64.ActiveCfg = Release|x64
		{A80650FD-7DCA-4B80-B52E-D22D5CAE9E92}.Release|x64.Build.0 = Release|x64
		{7263F536-3ABE-4A8E-BA66-1341D6A53579}.Debug|x64.ActiveCfg = Debug|Any CPU
		{7263F536-3ABE-4A8E-BA66-1341D6A53579}.Debug|x64.Build.0 = Debug|Any CPU
		{7263F536-3ABE-4A8E-BA66-1341D6A53579}.DebugLeakCheck|x64.ActiveCfg = Debug|Any CPU
		{7263F536-3ABE-4A8E-BA66-1341D6A53579}.DebugLeakCheck|x64.Build.0 = Debug|Any CPU
		{7263F536-3ABE-4A8E-BA66-1341D6A53579}.Release|x64.ActiveCfg = Release|Any CPU
		{7263F536-3ABE-4A8E-BA66-1341D6A53579}.Release|x64.Build.0 = Release|Any CPU
	EndGlobalSection
	GlobalSection(SolutionProperties) = preSolution
		HideSolutionNode = FALSE
	EndGlobalSection
EndGlobal
