Microsoft Visual Studio Solution File, Format Version 12.00
# Visual Studio Version 16
VisualStudioVersion = 16.0.29728.190
MinimumVisualStudioVersion = 14.0.25420.1
Project("{2150E333-8FDC-42A3-9474-1A3956D46DE8}") = ".nuget", ".nuget", "{F867BBEE-0FA3-41E5-AE01-4808D75936D3}"
	ProjectSection(SolutionItems) = preProject
		.nuget\NuGet.Config = .nuget\NuGet.Config
		.nuget\NuGet.exe = .nuget\NuGet.exe
		.nuget\NuGet.targets = .nuget\NuGet.targets
	EndProjectSection
EndProject
Project("{2150E333-8FDC-42A3-9474-1A3956D46DE8}") = "Solution Items", "Solution Items", "{0FB48525-3C88-4BBA-BED1-E838D452C544}"
EndProject
Project("{8BC9CEB8-8B4A-11D0-8D11-00A0C91BC942}") = "vw_core", "vw_core.vcxproj", "{1E205806-7F80-47DD-A38D-FC08083F3593}"
EndProject
Project("{8BC9CEB8-8B4A-11D0-8D11-00A0C91BC942}") = "spanning_tree", "..\cluster\cluster.vcxproj", "{2720BCD9-6731-4A11-BA24-1F74E35BA97F}"
EndProject
Project("{8BC9CEB8-8B4A-11D0-8D11-00A0C91BC942}") = "libvw", "libvw.vcxproj", "{EA52DE0D-A5BE-4FB9-8C84-3A57BDFEBED9}"
	ProjectSection(ProjectDependencies) = postProject
		{1E205806-7F80-47DD-A38D-FC08083F3593} = {1E205806-7F80-47DD-A38D-FC08083F3593}
	EndProjectSection
EndProject
Project("{8BC9CEB8-8B4A-11D0-8D11-00A0C91BC942}") = "vw", "vw.vcxproj", "{1055A78F-1E3A-4E6C-BBF5-0B63299C4ADF}"
	ProjectSection(ProjectDependencies) = postProject
		{1E205806-7F80-47DD-A38D-FC08083F3593} = {1E205806-7F80-47DD-A38D-FC08083F3593}
	EndProjectSection
EndProject
Project("{8BC9CEB8-8B4A-11D0-8D11-00A0C91BC942}") = "c_test", "..\c_test\c_test.vcxproj", "{1DABBC22-E914-4FCA-8C14-50E8AAA1D5C6}"
	ProjectSection(ProjectDependencies) = postProject
		{EA52DE0D-A5BE-4FB9-8C84-3A57BDFEBED9} = {EA52DE0D-A5BE-4FB9-8C84-3A57BDFEBED9}
	EndProjectSection
EndProject
Project("{8BC9CEB8-8B4A-11D0-8D11-00A0C91BC942}") = "vw_unit_test", "..\test\unit_test\unit_test.vcxproj", "{E02E3869-D9AD-4513-B352-93F90B7D6FE3}"
	ProjectSection(ProjectDependencies) = postProject
		{1E205806-7F80-47DD-A38D-FC08083F3593} = {1E205806-7F80-47DD-A38D-FC08083F3593}
	EndProjectSection
EndProject
Project("{FAE04EC0-301F-11D3-BF4B-00C04F79EFBC}") = "vw_common", "..\cs\common\vw_common.csproj", "{E621E022-C1F8-433F-905A-AB9A3DE072B7}"
EndProject
Project("{8BC9CEB8-8B4A-11D0-8D11-00A0C91BC942}") = "vw_clr", "..\cs\cli\vw_clr.vcxproj", "{85E55AE0-3784-4968-9271-C81AF560E1C1}"
	ProjectSection(ProjectDependencies) = postProject
		{1E205806-7F80-47DD-A38D-FC08083F3593} = {1E205806-7F80-47DD-A38D-FC08083F3593}
		{E621E022-C1F8-433F-905A-AB9A3DE072B7} = {E621E022-C1F8-433F-905A-AB9A3DE072B7}
	EndProjectSection
EndProject
Project("{FAE04EC0-301F-11D3-BF4B-00C04F79EFBC}") = "cs", "..\cs\cs\cs.csproj", "{E4E962AE-7056-4EB0-A8C5-8DC824A4B068}"
	ProjectSection(ProjectDependencies) = postProject
		{1E205806-7F80-47DD-A38D-FC08083F3593} = {1E205806-7F80-47DD-A38D-FC08083F3593}
		{E621E022-C1F8-433F-905A-AB9A3DE072B7} = {E621E022-C1F8-433F-905A-AB9A3DE072B7}
		{85E55AE0-3784-4968-9271-C81AF560E1C1} = {85E55AE0-3784-4968-9271-C81AF560E1C1}
	EndProjectSection
EndProject
Project("{FAE04EC0-301F-11D3-BF4B-00C04F79EFBC}") = "cs_json", "..\cs\cs_json\cs_json.csproj", "{9E27FA94-AB34-4736-8427-FB7A2BA90D52}"
	ProjectSection(ProjectDependencies) = postProject
		{1E205806-7F80-47DD-A38D-FC08083F3593} = {1E205806-7F80-47DD-A38D-FC08083F3593}
		{E621E022-C1F8-433F-905A-AB9A3DE072B7} = {E621E022-C1F8-433F-905A-AB9A3DE072B7}
		{85E55AE0-3784-4968-9271-C81AF560E1C1} = {85E55AE0-3784-4968-9271-C81AF560E1C1}
		{E4E962AE-7056-4EB0-A8C5-8DC824A4B068} = {E4E962AE-7056-4EB0-A8C5-8DC824A4B068}
	EndProjectSection
EndProject
Project("{FAE04EC0-301F-11D3-BF4B-00C04F79EFBC}") = "cs_parallel", "..\cs\cs_parallel\cs_parallel.csproj", "{08636F79-5577-4AF2-8EED-EC8A5BC14AC4}"
	ProjectSection(ProjectDependencies) = postProject
		{1E205806-7F80-47DD-A38D-FC08083F3593} = {1E205806-7F80-47DD-A38D-FC08083F3593}
		{E621E022-C1F8-433F-905A-AB9A3DE072B7} = {E621E022-C1F8-433F-905A-AB9A3DE072B7}
		{85E55AE0-3784-4968-9271-C81AF560E1C1} = {85E55AE0-3784-4968-9271-C81AF560E1C1}
		{E4E962AE-7056-4EB0-A8C5-8DC824A4B068} = {E4E962AE-7056-4EB0-A8C5-8DC824A4B068}
	EndProjectSection
EndProject
Project("{FAE04EC0-301F-11D3-BF4B-00C04F79EFBC}") = "cs_console", "..\cs\cs_console\cs_console.csproj", "{01A85382-C3E9-480A-86BF-FAFE4AD107A7}"
	ProjectSection(ProjectDependencies) = postProject
		{1E205806-7F80-47DD-A38D-FC08083F3593} = {1E205806-7F80-47DD-A38D-FC08083F3593}
		{E621E022-C1F8-433F-905A-AB9A3DE072B7} = {E621E022-C1F8-433F-905A-AB9A3DE072B7}
		{85E55AE0-3784-4968-9271-C81AF560E1C1} = {85E55AE0-3784-4968-9271-C81AF560E1C1}
		{E4E962AE-7056-4EB0-A8C5-8DC824A4B068} = {E4E962AE-7056-4EB0-A8C5-8DC824A4B068}
		{9E27FA94-AB34-4736-8427-FB7A2BA90D52} = {9E27FA94-AB34-4736-8427-FB7A2BA90D52}
	EndProjectSection
EndProject
Project("{FAE04EC0-301F-11D3-BF4B-00C04F79EFBC}") = "cs_testcommon", "..\cs\testcommon\cs_testcommon.csproj", "{6A9CBEAB-427F-4D8D-9559-B76B42B0895C}"
EndProject
Project("{FAE04EC0-301F-11D3-BF4B-00C04F79EFBC}") = "cs_unittest", "..\cs\unittest\cs_unittest.csproj", "{007B7DE0-1D9B-498D-ACFC-E9D33058F22E}"
	ProjectSection(ProjectDependencies) = postProject
		{1E205806-7F80-47DD-A38D-FC08083F3593} = {1E205806-7F80-47DD-A38D-FC08083F3593}
		{E621E022-C1F8-433F-905A-AB9A3DE072B7} = {E621E022-C1F8-433F-905A-AB9A3DE072B7}
		{85E55AE0-3784-4968-9271-C81AF560E1C1} = {85E55AE0-3784-4968-9271-C81AF560E1C1}
		{E4E962AE-7056-4EB0-A8C5-8DC824A4B068} = {E4E962AE-7056-4EB0-A8C5-8DC824A4B068}
		{9E27FA94-AB34-4736-8427-FB7A2BA90D52} = {9E27FA94-AB34-4736-8427-FB7A2BA90D52}
		{08636F79-5577-4AF2-8EED-EC8A5BC14AC4} = {08636F79-5577-4AF2-8EED-EC8A5BC14AC4}
		{01A85382-C3E9-480A-86BF-FAFE4AD107A7} = {01A85382-C3E9-480A-86BF-FAFE4AD107A7}
		{6A9CBEAB-427F-4D8D-9559-B76B42B0895C} = {6A9CBEAB-427F-4D8D-9559-B76B42B0895C}
	EndProjectSection
EndProject
Project("{FAE04EC0-301F-11D3-BF4B-00C04F79EFBC}") = "cs_test", "..\cs\test\cs_test.csproj", "{D5E462FC-3DD6-4B65-A9E9-DA0B0B11D254}"
	ProjectSection(ProjectDependencies) = postProject
		{1E205806-7F80-47DD-A38D-FC08083F3593} = {1E205806-7F80-47DD-A38D-FC08083F3593}
		{E621E022-C1F8-433F-905A-AB9A3DE072B7} = {E621E022-C1F8-433F-905A-AB9A3DE072B7}
		{85E55AE0-3784-4968-9271-C81AF560E1C1} = {85E55AE0-3784-4968-9271-C81AF560E1C1}
		{E4E962AE-7056-4EB0-A8C5-8DC824A4B068} = {E4E962AE-7056-4EB0-A8C5-8DC824A4B068}
		{9E27FA94-AB34-4736-8427-FB7A2BA90D52} = {9E27FA94-AB34-4736-8427-FB7A2BA90D52}
		{08636F79-5577-4AF2-8EED-EC8A5BC14AC4} = {08636F79-5577-4AF2-8EED-EC8A5BC14AC4}
		{01A85382-C3E9-480A-86BF-FAFE4AD107A7} = {01A85382-C3E9-480A-86BF-FAFE4AD107A7}
		{6A9CBEAB-427F-4D8D-9559-B76B42B0895C} = {6A9CBEAB-427F-4D8D-9559-B76B42B0895C}
		{007B7DE0-1D9B-498D-ACFC-E9D33058F22E} = {007B7DE0-1D9B-498D-ACFC-E9D33058F22E}
	EndProjectSection
EndProject
Project("{FAE04EC0-301F-11D3-BF4B-00C04F79EFBC}") = "simulator", "..\cs\examples\simulator\simulator.csproj", "{2A9C6717-3B6C-4DB7-A626-16C04FCFECCF}"
	ProjectSection(ProjectDependencies) = postProject
		{1E205806-7F80-47DD-A38D-FC08083F3593} = {1E205806-7F80-47DD-A38D-FC08083F3593}
		{E621E022-C1F8-433F-905A-AB9A3DE072B7} = {E621E022-C1F8-433F-905A-AB9A3DE072B7}
		{85E55AE0-3784-4968-9271-C81AF560E1C1} = {85E55AE0-3784-4968-9271-C81AF560E1C1}
		{E4E962AE-7056-4EB0-A8C5-8DC824A4B068} = {E4E962AE-7056-4EB0-A8C5-8DC824A4B068}
	EndProjectSection
EndProject
Project("{8BC9CEB8-8B4A-11D0-8D11-00A0C91BC942}") = "vw_slim", "slim\vw_slim.vcxproj", "{B68B36AA-F5AC-4A1A-8E52-D1B071B39483}"
EndProject
Project("{8BC9CEB8-8B4A-11D0-8D11-00A0C91BC942}") = "vw_slim_test", "slim\test\vw_slim_test.vcxproj", "{AA39948B-C78F-4347-8A37-DD27B843E69E}"
	ProjectSection(ProjectDependencies) = postProject
		{B68B36AA-F5AC-4A1A-8E52-D1B071B39483} = {B68B36AA-F5AC-4A1A-8E52-D1B071B39483}
	EndProjectSection
EndProject
Project("{9A19103F-16F7-4668-BE54-9A1E7A4F7556}") = "vw_common_netcore", "..\netcore\vw_common_netcore\vw_common_netcore.csproj", "{90515FC0-F314-4043-8B71-4D11C48E3BAD}"
EndProject
Project("{8BC9CEB8-8B4A-11D0-8D11-00A0C91BC942}") = "vw_netcore", "..\netcore\vw_netcore\vw_netcore.vcxproj", "{CD3BC6EF-AE95-4681-B10B-0357FEEE511A}"
EndProject
Project("{9A19103F-16F7-4668-BE54-9A1E7A4F7556}") = "netcore", "..\netcore\netcore\netcore.csproj", "{73455B79-D1CF-421B-AF68-892E2A362D0C}"
EndProject
Project("{9A19103F-16F7-4668-BE54-9A1E7A4F7556}") = "simulator_netcore", "..\netcore\examples\simulator_netcore\simulator_netcore.csproj", "{ADC52C18-88A3-45C2-87E0-E56052F47841}"
EndProject
Project("{9A19103F-16F7-4668-BE54-9A1E7A4F7556}") = "netcore_json", "..\netcore\netcore_json\netcore_json.csproj", "{3E77ED59-CB1F-4675-8517-1DF3E7B23E11}"
EndProject
Project("{9A19103F-16F7-4668-BE54-9A1E7A4F7556}") = "netcore_parallel", "..\netcore\netcore_parallel\netcore_parallel.csproj", "{898A80F9-C692-49B9-BAE8-0FA7E9411B5A}"
EndProject
Project("{FAE04EC0-301F-11D3-BF4B-00C04F79EFBC}") = "netcore_console", "..\netcore\netcore_console\netcore_console.csproj", "{78B5D51C-20D2-4F27-8D7E-BEC883D47167}"
EndProject
Global
	GlobalSection(SolutionConfigurationPlatforms) = preSolution
		Debug|Any CPU = Debug|Any CPU
		Debug|x64 = Debug|x64
		Release|Any CPU = Release|Any CPU
		Release|x64 = Release|x64
	EndGlobalSection
	GlobalSection(ProjectConfigurationPlatforms) = postSolution
		{1E205806-7F80-47DD-A38D-FC08083F3593}.Debug|Any CPU.ActiveCfg = Debug|Win32
		{1E205806-7F80-47DD-A38D-FC08083F3593}.Debug|x64.ActiveCfg = Debug|x64
		{1E205806-7F80-47DD-A38D-FC08083F3593}.Debug|x64.Build.0 = Debug|x64
		{1E205806-7F80-47DD-A38D-FC08083F3593}.Release|Any CPU.ActiveCfg = Release|Win32
		{1E205806-7F80-47DD-A38D-FC08083F3593}.Release|x64.ActiveCfg = Release|x64
		{1E205806-7F80-47DD-A38D-FC08083F3593}.Release|x64.Build.0 = Release|x64
		{2720BCD9-6731-4A11-BA24-1F74E35BA97F}.Debug|Any CPU.ActiveCfg = Debug|Win32
		{2720BCD9-6731-4A11-BA24-1F74E35BA97F}.Debug|x64.ActiveCfg = Debug|x64
		{2720BCD9-6731-4A11-BA24-1F74E35BA97F}.Debug|x64.Build.0 = Debug|x64
		{2720BCD9-6731-4A11-BA24-1F74E35BA97F}.Release|Any CPU.ActiveCfg = Release|Win32
		{2720BCD9-6731-4A11-BA24-1F74E35BA97F}.Release|x64.ActiveCfg = Release|x64
		{2720BCD9-6731-4A11-BA24-1F74E35BA97F}.Release|x64.Build.0 = Release|x64
		{EA52DE0D-A5BE-4FB9-8C84-3A57BDFEBED9}.Debug|Any CPU.ActiveCfg = Debug|x64
		{EA52DE0D-A5BE-4FB9-8C84-3A57BDFEBED9}.Debug|x64.ActiveCfg = Debug|x64
		{EA52DE0D-A5BE-4FB9-8C84-3A57BDFEBED9}.Debug|x64.Build.0 = Debug|x64
		{EA52DE0D-A5BE-4FB9-8C84-3A57BDFEBED9}.Release|Any CPU.ActiveCfg = Release|x64
		{EA52DE0D-A5BE-4FB9-8C84-3A57BDFEBED9}.Release|x64.ActiveCfg = Release|x64
		{EA52DE0D-A5BE-4FB9-8C84-3A57BDFEBED9}.Release|x64.Build.0 = Release|x64
		{1055A78F-1E3A-4E6C-BBF5-0B63299C4ADF}.Debug|Any CPU.ActiveCfg = Debug|Win32
		{1055A78F-1E3A-4E6C-BBF5-0B63299C4ADF}.Debug|x64.ActiveCfg = Debug|x64
		{1055A78F-1E3A-4E6C-BBF5-0B63299C4ADF}.Debug|x64.Build.0 = Debug|x64
		{1055A78F-1E3A-4E6C-BBF5-0B63299C4ADF}.Release|Any CPU.ActiveCfg = Release|Win32
		{1055A78F-1E3A-4E6C-BBF5-0B63299C4ADF}.Release|x64.ActiveCfg = Release|x64
		{1055A78F-1E3A-4E6C-BBF5-0B63299C4ADF}.Release|x64.Build.0 = Release|x64
		{1DABBC22-E914-4FCA-8C14-50E8AAA1D5C6}.Debug|Any CPU.ActiveCfg = Debug|Win32
		{1DABBC22-E914-4FCA-8C14-50E8AAA1D5C6}.Debug|x64.ActiveCfg = Debug|x64
		{1DABBC22-E914-4FCA-8C14-50E8AAA1D5C6}.Debug|x64.Build.0 = Debug|x64
		{1DABBC22-E914-4FCA-8C14-50E8AAA1D5C6}.Release|Any CPU.ActiveCfg = Release|Win32
		{1DABBC22-E914-4FCA-8C14-50E8AAA1D5C6}.Release|x64.ActiveCfg = Release|x64
		{1DABBC22-E914-4FCA-8C14-50E8AAA1D5C6}.Release|x64.Build.0 = Release|x64
		{E02E3869-D9AD-4513-B352-93F90B7D6FE3}.Debug|Any CPU.ActiveCfg = Debug|Win32
		{E02E3869-D9AD-4513-B352-93F90B7D6FE3}.Debug|x64.ActiveCfg = Debug|x64
		{E02E3869-D9AD-4513-B352-93F90B7D6FE3}.Debug|x64.Build.0 = Debug|x64
		{E02E3869-D9AD-4513-B352-93F90B7D6FE3}.Release|Any CPU.ActiveCfg = Release|Win32
		{E02E3869-D9AD-4513-B352-93F90B7D6FE3}.Release|x64.ActiveCfg = Release|x64
		{E02E3869-D9AD-4513-B352-93F90B7D6FE3}.Release|x64.Build.0 = Release|x64
		{E621E022-C1F8-433F-905A-AB9A3DE072B7}.Debug|Any CPU.ActiveCfg = Debug|x64
		{E621E022-C1F8-433F-905A-AB9A3DE072B7}.Debug|x64.ActiveCfg = Debug|x64
		{E621E022-C1F8-433F-905A-AB9A3DE072B7}.Debug|x64.Build.0 = Debug|x64
		{E621E022-C1F8-433F-905A-AB9A3DE072B7}.Release|Any CPU.ActiveCfg = Release|x64
		{E621E022-C1F8-433F-905A-AB9A3DE072B7}.Release|x64.ActiveCfg = Release|x64
		{E621E022-C1F8-433F-905A-AB9A3DE072B7}.Release|x64.Build.0 = Release|x64
		{85E55AE0-3784-4968-9271-C81AF560E1C1}.Debug|Any CPU.ActiveCfg = Debug|Win32
		{85E55AE0-3784-4968-9271-C81AF560E1C1}.Debug|x64.ActiveCfg = Debug|x64
		{85E55AE0-3784-4968-9271-C81AF560E1C1}.Debug|x64.Build.0 = Debug|x64
		{85E55AE0-3784-4968-9271-C81AF560E1C1}.Release|Any CPU.ActiveCfg = Release|Win32
		{85E55AE0-3784-4968-9271-C81AF560E1C1}.Release|x64.ActiveCfg = Release|x64
		{85E55AE0-3784-4968-9271-C81AF560E1C1}.Release|x64.Build.0 = Release|x64
		{E4E962AE-7056-4EB0-A8C5-8DC824A4B068}.Debug|Any CPU.ActiveCfg = Debug|x64
		{E4E962AE-7056-4EB0-A8C5-8DC824A4B068}.Debug|x64.ActiveCfg = Debug|x64
		{E4E962AE-7056-4EB0-A8C5-8DC824A4B068}.Debug|x64.Build.0 = Debug|x64
		{E4E962AE-7056-4EB0-A8C5-8DC824A4B068}.Release|Any CPU.ActiveCfg = Release|x64
		{E4E962AE-7056-4EB0-A8C5-8DC824A4B068}.Release|x64.ActiveCfg = Release|x64
		{E4E962AE-7056-4EB0-A8C5-8DC824A4B068}.Release|x64.Build.0 = Release|x64
		{9E27FA94-AB34-4736-8427-FB7A2BA90D52}.Debug|Any CPU.ActiveCfg = Debug|x64
		{9E27FA94-AB34-4736-8427-FB7A2BA90D52}.Debug|x64.ActiveCfg = Debug|x64
		{9E27FA94-AB34-4736-8427-FB7A2BA90D52}.Debug|x64.Build.0 = Debug|x64
		{9E27FA94-AB34-4736-8427-FB7A2BA90D52}.Release|Any CPU.ActiveCfg = Release|x64
		{9E27FA94-AB34-4736-8427-FB7A2BA90D52}.Release|x64.ActiveCfg = Release|x64
		{9E27FA94-AB34-4736-8427-FB7A2BA90D52}.Release|x64.Build.0 = Release|x64
		{08636F79-5577-4AF2-8EED-EC8A5BC14AC4}.Debug|Any CPU.ActiveCfg = Debug|x64
		{08636F79-5577-4AF2-8EED-EC8A5BC14AC4}.Debug|x64.ActiveCfg = Debug|x64
		{08636F79-5577-4AF2-8EED-EC8A5BC14AC4}.Debug|x64.Build.0 = Debug|x64
		{08636F79-5577-4AF2-8EED-EC8A5BC14AC4}.Release|Any CPU.ActiveCfg = Release|x64
		{08636F79-5577-4AF2-8EED-EC8A5BC14AC4}.Release|x64.ActiveCfg = Release|x64
		{08636F79-5577-4AF2-8EED-EC8A5BC14AC4}.Release|x64.Build.0 = Release|x64
		{01A85382-C3E9-480A-86BF-FAFE4AD107A7}.Debug|Any CPU.ActiveCfg = Debug|x64
		{01A85382-C3E9-480A-86BF-FAFE4AD107A7}.Debug|x64.ActiveCfg = Debug|x64
		{01A85382-C3E9-480A-86BF-FAFE4AD107A7}.Debug|x64.Build.0 = Debug|x64
		{01A85382-C3E9-480A-86BF-FAFE4AD107A7}.Release|Any CPU.ActiveCfg = Release|x64
		{01A85382-C3E9-480A-86BF-FAFE4AD107A7}.Release|x64.ActiveCfg = Release|x64
		{01A85382-C3E9-480A-86BF-FAFE4AD107A7}.Release|x64.Build.0 = Release|x64
		{6A9CBEAB-427F-4D8D-9559-B76B42B0895C}.Debug|Any CPU.ActiveCfg = Debug|x64
		{6A9CBEAB-427F-4D8D-9559-B76B42B0895C}.Debug|x64.ActiveCfg = Debug|x64
		{6A9CBEAB-427F-4D8D-9559-B76B42B0895C}.Debug|x64.Build.0 = Debug|x64
		{6A9CBEAB-427F-4D8D-9559-B76B42B0895C}.Release|Any CPU.ActiveCfg = Release|x64
		{6A9CBEAB-427F-4D8D-9559-B76B42B0895C}.Release|x64.ActiveCfg = Release|x64
		{6A9CBEAB-427F-4D8D-9559-B76B42B0895C}.Release|x64.Build.0 = Release|x64
		{007B7DE0-1D9B-498D-ACFC-E9D33058F22E}.Debug|Any CPU.ActiveCfg = Debug|Any CPU
		{007B7DE0-1D9B-498D-ACFC-E9D33058F22E}.Debug|Any CPU.Build.0 = Debug|Any CPU
		{007B7DE0-1D9B-498D-ACFC-E9D33058F22E}.Debug|x64.ActiveCfg = Debug|Any CPU
		{007B7DE0-1D9B-498D-ACFC-E9D33058F22E}.Debug|x64.Build.0 = Debug|Any CPU
		{007B7DE0-1D9B-498D-ACFC-E9D33058F22E}.Release|Any CPU.ActiveCfg = Release|Any CPU
		{007B7DE0-1D9B-498D-ACFC-E9D33058F22E}.Release|Any CPU.Build.0 = Release|Any CPU
		{007B7DE0-1D9B-498D-ACFC-E9D33058F22E}.Release|x64.ActiveCfg = Release|Any CPU
		{007B7DE0-1D9B-498D-ACFC-E9D33058F22E}.Release|x64.Build.0 = Release|Any CPU
		{D5E462FC-3DD6-4B65-A9E9-DA0B0B11D254}.Debug|Any CPU.ActiveCfg = Debug|Any CPU
		{D5E462FC-3DD6-4B65-A9E9-DA0B0B11D254}.Debug|Any CPU.Build.0 = Debug|Any CPU
		{D5E462FC-3DD6-4B65-A9E9-DA0B0B11D254}.Debug|x64.ActiveCfg = Debug|x64
		{D5E462FC-3DD6-4B65-A9E9-DA0B0B11D254}.Debug|x64.Build.0 = Debug|x64
		{D5E462FC-3DD6-4B65-A9E9-DA0B0B11D254}.Release|Any CPU.ActiveCfg = Release|Any CPU
		{D5E462FC-3DD6-4B65-A9E9-DA0B0B11D254}.Release|Any CPU.Build.0 = Release|Any CPU
		{D5E462FC-3DD6-4B65-A9E9-DA0B0B11D254}.Release|x64.ActiveCfg = Release|x64
		{D5E462FC-3DD6-4B65-A9E9-DA0B0B11D254}.Release|x64.Build.0 = Release|x64
		{2A9C6717-3B6C-4DB7-A626-16C04FCFECCF}.Debug|Any CPU.ActiveCfg = Debug|x64
		{2A9C6717-3B6C-4DB7-A626-16C04FCFECCF}.Debug|x64.ActiveCfg = Debug|x64
		{2A9C6717-3B6C-4DB7-A626-16C04FCFECCF}.Debug|x64.Build.0 = Debug|x64
		{2A9C6717-3B6C-4DB7-A626-16C04FCFECCF}.Release|Any CPU.ActiveCfg = Release|x64
		{2A9C6717-3B6C-4DB7-A626-16C04FCFECCF}.Release|x64.ActiveCfg = Release|x64
		{2A9C6717-3B6C-4DB7-A626-16C04FCFECCF}.Release|x64.Build.0 = Release|x64
		{B68B36AA-F5AC-4A1A-8E52-D1B071B39483}.Debug|Any CPU.ActiveCfg = Debug|Win32
		{B68B36AA-F5AC-4A1A-8E52-D1B071B39483}.Debug|x64.ActiveCfg = Debug|x64
		{B68B36AA-F5AC-4A1A-8E52-D1B071B39483}.Debug|x64.Build.0 = Debug|x64
		{B68B36AA-F5AC-4A1A-8E52-D1B071B39483}.Release|Any CPU.ActiveCfg = Release|Win32
		{B68B36AA-F5AC-4A1A-8E52-D1B071B39483}.Release|x64.ActiveCfg = Release|x64
		{B68B36AA-F5AC-4A1A-8E52-D1B071B39483}.Release|x64.Build.0 = Release|x64
		{AA39948B-C78F-4347-8A37-DD27B843E69E}.Debug|Any CPU.ActiveCfg = Debug|x64
		{AA39948B-C78F-4347-8A37-DD27B843E69E}.Debug|x64.ActiveCfg = Debug|x64
		{AA39948B-C78F-4347-8A37-DD27B843E69E}.Debug|x64.Build.0 = Debug|x64
		{AA39948B-C78F-4347-8A37-DD27B843E69E}.Release|Any CPU.ActiveCfg = Release|x64
		{AA39948B-C78F-4347-8A37-DD27B843E69E}.Release|x64.ActiveCfg = Release|x64
		{AA39948B-C78F-4347-8A37-DD27B843E69E}.Release|x64.Build.0 = Release|x64
		{90515FC0-F314-4043-8B71-4D11C48E3BAD}.Debug|Any CPU.ActiveCfg = Debug|Any CPU
		{90515FC0-F314-4043-8B71-4D11C48E3BAD}.Debug|Any CPU.Build.0 = Debug|Any CPU
		{90515FC0-F314-4043-8B71-4D11C48E3BAD}.Debug|x64.ActiveCfg = Debug|Any CPU
		{90515FC0-F314-4043-8B71-4D11C48E3BAD}.Debug|x64.Build.0 = Debug|Any CPU
		{90515FC0-F314-4043-8B71-4D11C48E3BAD}.Release|Any CPU.ActiveCfg = Release|Any CPU
		{90515FC0-F314-4043-8B71-4D11C48E3BAD}.Release|Any CPU.Build.0 = Release|Any CPU
		{90515FC0-F314-4043-8B71-4D11C48E3BAD}.Release|x64.ActiveCfg = Release|Any CPU
		{90515FC0-F314-4043-8B71-4D11C48E3BAD}.Release|x64.Build.0 = Release|Any CPU
		{CD3BC6EF-AE95-4681-B10B-0357FEEE511A}.Debug|Any CPU.ActiveCfg = Debug|x64
		{CD3BC6EF-AE95-4681-B10B-0357FEEE511A}.Debug|x64.ActiveCfg = Debug|x64
		{CD3BC6EF-AE95-4681-B10B-0357FEEE511A}.Debug|x64.Build.0 = Debug|x64
		{CD3BC6EF-AE95-4681-B10B-0357FEEE511A}.Release|Any CPU.ActiveCfg = Release|x64
		{CD3BC6EF-AE95-4681-B10B-0357FEEE511A}.Release|x64.ActiveCfg = Release|x64
		{CD3BC6EF-AE95-4681-B10B-0357FEEE511A}.Release|x64.Build.0 = Release|x64
		{73455B79-D1CF-421B-AF68-892E2A362D0C}.Debug|Any CPU.ActiveCfg = Debug|Any CPU
		{73455B79-D1CF-421B-AF68-892E2A362D0C}.Debug|Any CPU.Build.0 = Debug|Any CPU
		{73455B79-D1CF-421B-AF68-892E2A362D0C}.Debug|x64.ActiveCfg = Debug|Any CPU
		{73455B79-D1CF-421B-AF68-892E2A362D0C}.Debug|x64.Build.0 = Debug|Any CPU
		{73455B79-D1CF-421B-AF68-892E2A362D0C}.Release|Any CPU.ActiveCfg = Release|Any CPU
		{73455B79-D1CF-421B-AF68-892E2A362D0C}.Release|Any CPU.Build.0 = Release|Any CPU
		{73455B79-D1CF-421B-AF68-892E2A362D0C}.Release|x64.ActiveCfg = Release|Any CPU
		{73455B79-D1CF-421B-AF68-892E2A362D0C}.Release|x64.Build.0 = Release|Any CPU
		{ADC52C18-88A3-45C2-87E0-E56052F47841}.Debug|Any CPU.ActiveCfg = Debug|Any CPU
		{ADC52C18-88A3-45C2-87E0-E56052F47841}.Debug|Any CPU.Build.0 = Debug|Any CPU
		{ADC52C18-88A3-45C2-87E0-E56052F47841}.Debug|x64.ActiveCfg = Debug|Any CPU
		{ADC52C18-88A3-45C2-87E0-E56052F47841}.Debug|x64.Build.0 = Debug|Any CPU
		{ADC52C18-88A3-45C2-87E0-E56052F47841}.Release|Any CPU.ActiveCfg = Release|Any CPU
		{ADC52C18-88A3-45C2-87E0-E56052F47841}.Release|Any CPU.Build.0 = Release|Any CPU
		{ADC52C18-88A3-45C2-87E0-E56052F47841}.Release|x64.ActiveCfg = Release|Any CPU
		{ADC52C18-88A3-45C2-87E0-E56052F47841}.Release|x64.Build.0 = Release|Any CPU
		{3E77ED59-CB1F-4675-8517-1DF3E7B23E11}.Debug|Any CPU.ActiveCfg = Debug|Any CPU
		{3E77ED59-CB1F-4675-8517-1DF3E7B23E11}.Debug|Any CPU.Build.0 = Debug|Any CPU
		{3E77ED59-CB1F-4675-8517-1DF3E7B23E11}.Debug|x64.ActiveCfg = Debug|Any CPU
		{3E77ED59-CB1F-4675-8517-1DF3E7B23E11}.Debug|x64.Build.0 = Debug|Any CPU
		{3E77ED59-CB1F-4675-8517-1DF3E7B23E11}.Release|Any CPU.ActiveCfg = Release|Any CPU
		{3E77ED59-CB1F-4675-8517-1DF3E7B23E11}.Release|Any CPU.Build.0 = Release|Any CPU
		{3E77ED59-CB1F-4675-8517-1DF3E7B23E11}.Release|x64.ActiveCfg = Release|Any CPU
		{3E77ED59-CB1F-4675-8517-1DF3E7B23E11}.Release|x64.Build.0 = Release|Any CPU
		{898A80F9-C692-49B9-BAE8-0FA7E9411B5A}.Debug|Any CPU.ActiveCfg = Debug|Any CPU
		{898A80F9-C692-49B9-BAE8-0FA7E9411B5A}.Debug|Any CPU.Build.0 = Debug|Any CPU
		{898A80F9-C692-49B9-BAE8-0FA7E9411B5A}.Debug|x64.ActiveCfg = Debug|Any CPU
		{898A80F9-C692-49B9-BAE8-0FA7E9411B5A}.Debug|x64.Build.0 = Debug|Any CPU
		{898A80F9-C692-49B9-BAE8-0FA7E9411B5A}.Release|Any CPU.ActiveCfg = Release|Any CPU
		{898A80F9-C692-49B9-BAE8-0FA7E9411B5A}.Release|Any CPU.Build.0 = Release|Any CPU
		{898A80F9-C692-49B9-BAE8-0FA7E9411B5A}.Release|x64.ActiveCfg = Release|Any CPU
		{898A80F9-C692-49B9-BAE8-0FA7E9411B5A}.Release|x64.Build.0 = Release|Any CPU
		{78B5D51C-20D2-4F27-8D7E-BEC883D47167}.Debug|Any CPU.ActiveCfg = Debug|Any CPU
		{78B5D51C-20D2-4F27-8D7E-BEC883D47167}.Debug|Any CPU.Build.0 = Debug|Any CPU
		{78B5D51C-20D2-4F27-8D7E-BEC883D47167}.Debug|x64.ActiveCfg = Debug|Any CPU
		{78B5D51C-20D2-4F27-8D7E-BEC883D47167}.Debug|x64.Build.0 = Debug|Any CPU
		{78B5D51C-20D2-4F27-8D7E-BEC883D47167}.Release|Any CPU.ActiveCfg = Release|Any CPU
		{78B5D51C-20D2-4F27-8D7E-BEC883D47167}.Release|Any CPU.Build.0 = Release|Any CPU
		{78B5D51C-20D2-4F27-8D7E-BEC883D47167}.Release|x64.ActiveCfg = Release|Any CPU
		{78B5D51C-20D2-4F27-8D7E-BEC883D47167}.Release|x64.Build.0 = Release|Any CPU
	EndGlobalSection
	GlobalSection(SolutionProperties) = preSolution
		HideSolutionNode = FALSE
	EndGlobalSection
	GlobalSection(ExtensibilityGlobals) = postSolution
		        EnterpriseLibraryConfigurationToolBinariesPathV6 = packages\EnterpriseLibrary.TransientFaultHandling.6.0.1304.0\lib\portable-net45+win+wp8
		SolutionGuid = {14CFCE53-7467-4021-BD9A-978C2FC5BCC8}
	EndGlobalSection
EndGlobal
