<?xml version="1.0" encoding="utf-8"?>
<Project ToolsVersion="4.0" xmlns="http://schemas.microsoft.com/developer/msbuild/2003">
  <ItemGroup>
    <Filter Include="Source Files">
      <UniqueIdentifier>{4FC737F1-C7A5-4376-A066-2A32D752A2FF}</UniqueIdentifier>
      <Extensions>cpp;c;cc;cxx;def;odl;idl;hpj;bat;asm;asmx</Extensions>
    </Filter>
    <Filter Include="Header Files">
      <UniqueIdentifier>{93995380-89BD-4b04-88EB-625FBE52EBFB}</UniqueIdentifier>
      <Extensions>h;hh;hpp;hxx;hm;inl;inc;xsd</Extensions>
    </Filter>
    <Filter Include="Resource Files">
      <UniqueIdentifier>{67DA6AB6-F800-4c08-8B7A-83BB121AAD01}</UniqueIdentifier>
      <Extensions>rc;ico;cur;bmp;dlg;rc2;rct;bin;rgs;gif;jpg;jpeg;jpe;resx;tiff;tif;png;wav;mfcribbon-ms</Extensions>
    </Filter>
  </ItemGroup>
  <ItemGroup>
    <Text Include="ReadMe.txt" />
  </ItemGroup>
  <ItemGroup>
    <ClInclude Include="http_server\http_server.h">
      <Filter>Header Files</Filter>
    </ClInclude>
    <ClInclude Include="mock_util.h">
      <Filter>Header Files</Filter>
    </ClInclude>
  </ItemGroup>
  <ItemGroup>
    <ClCompile Include="main.cc">
      <Filter>Source Files</Filter>
    </ClCompile>
    <ClCompile Include="http_server\http_server.cc">
      <Filter>Source Files</Filter>
    </ClCompile>
    <ClCompile Include="async_batcher_test.cc">
      <Filter>Source Files</Filter>
    </ClCompile>
    <ClCompile Include="concurrent_queue_test.cc">
      <Filter>Source Files</Filter>
    </ClCompile>
    <ClCompile Include="live_model_test.cc">
      <Filter>Source Files</Filter>
    </ClCompile>
    <ClCompile Include="event_test.cc">
      <Filter>Source Files</Filter>
    </ClCompile>
    <ClCompile Include="eventhub_client_test.cc">
      <Filter>Source Files</Filter>
    </ClCompile>
    <ClCompile Include="ranking_response_test.cc">
      <Filter>Source Files</Filter>
    </ClCompile>
    <ClCompile Include="str_util_test.cc">
      <Filter>Source Files</Filter>
    </ClCompile>
    <ClCompile Include="model_mgmt_test.cc">
      <Filter>Source Files</Filter>
    </ClCompile>
    <ClCompile Include="factory_test.cc">
      <Filter>Source Files</Filter>
    </ClCompile>
    <ClCompile Include="err_callback_test.cc">
      <Filter>Source Files</Filter>
    </ClCompile>
    <ClCompile Include="data_callback_test.cc">
      <Filter>Source Files</Filter>
    </ClCompile>
    <ClCompile Include="sleeper_test.cc">
      <Filter>Source Files</Filter>
    </ClCompile>
    <ClCompile Include="json_context_parse_test.cc">
      <Filter>Source Files</Filter>
    </ClCompile>
    <ClCompile Include="explore_test.cc">
      <Filter>Source Files</Filter>
    </ClCompile>
    <ClCompile Include="object_pool_test.cc">
      <Filter>Source Files</Filter>
    </ClCompile>
    <ClCompile Include="safe_vw_test.cc">
      <Filter>Source Files</Filter>
    </ClCompile>
    <ClCompile Include="status_builder_test.cc">
      <Filter>Source Files</Filter>
    </ClCompile>
    <ClCompile Include="data_buffer_test.cc">
      <Filter>Source Files</Filter>
    </ClCompile>
    <ClCompile Include="watchdog_test.cc">
      <Filter>Source Files</Filter>
    </ClCompile>
    <ClCompile Include="mock_util.cc">
      <Filter>Source Files</Filter>
    </ClCompile>
  </ItemGroup>
  <ItemGroup>
    <None Include="packages.config" />
  </ItemGroup>
</Project>