Microsoft Visual Studio Solution File, Format Version 12.00
# Visual Studio 15
VisualStudioVersion = 15.0.27428.2037
MinimumVisualStudioVersion = 10.0.40219.1
Project("{FAE04EC0-301F-11D3-BF4B-00C04F79EFBC}") = "ds_explore_cs_test", "ds_explore_cs_test.csproj", "{DB8B5035-307F-30C5-AFCE-E1974BE4E52C}"
EndProject
Project("{9A19103F-16F7-4668-BE54-9A1E7A4F7556}") = "ds_explore_cs_standard", "standard\ds_explore_cs_standard.csproj", "{A464771C-82D0-4AC9-8F40-08E321943817}"
EndProject
Project("{FAE04EC0-301F-11D3-BF4B-00C04F79EFBC}") = "ds_explore_cs", "ds_explore_cs.csproj", "{DC235B2B-A2B1-450A-9E04-E071606458F8}"
EndProject
Global
	GlobalSection(SolutionConfigurationPlatforms) = preSolution
		Debug|Any CPU = Debug|Any CPU
		Release|Any CPU = Release|Any CPU
	EndGlobalSection
	GlobalSection(ProjectConfigurationPlatforms) = postSolution
		{DB8B5035-307F-30C5-AFCE-E1974BE4E52C}.Debug|Any CPU.ActiveCfg = Debug|Any CPU
		{DB8B5035-307F-30C5-AFCE-E1974BE4E52C}.Debug|Any CPU.Build.0 = Debug|Any CPU
		{DB8B5035-307F-30C5-AFCE-E1974BE4E52C}.Release|Any CPU.ActiveCfg = Release|Any CPU
		{DB8B5035-307F-30C5-AFCE-E1974BE4E52C}.Release|Any CPU.Build.0 = Release|Any CPU
		{A464771C-82D0-4AC9-8F40-08E321943817}.Debug|Any CPU.ActiveCfg = Debug|Any CPU
		{A464771C-82D0-4AC9-8F40-08E321943817}.Debug|Any CPU.Build.0 = Debug|Any CPU
		{A464771C-82D0-4AC9-8F40-08E321943817}.Release|Any CPU.ActiveCfg = Release|Any CPU
		{A464771C-82D0-4AC9-8F40-08E321943817}.Release|Any CPU.Build.0 = Release|Any CPU
		{DC235B2B-A2B1-450A-9E04-E071606458F8}.Debug|Any CPU.ActiveCfg = Debug|Any CPU
		{DC235B2B-A2B1-450A-9E04-E071606458F8}.Debug|Any CPU.Build.0 = Debug|Any CPU
		{DC235B2B-A2B1-450A-9E04-E071606458F8}.Release|Any CPU.ActiveCfg = Release|Any CPU
		{DC235B2B-A2B1-450A-9E04-E071606458F8}.Release|Any CPU.Build.0 = Release|Any CPU
	EndGlobalSection
	GlobalSection(SolutionProperties) = preSolution
		HideSolutionNode = FALSE
	EndGlobalSection
	GlobalSection(ExtensibilityGlobals) = postSolution
		SolutionGuid = {E7779EE3-A121-3B83-A294-1BF136292E2C}
	EndGlobalSection
EndGlobal
