<?xml version="1.0" encoding="utf-8"?>
<Project ToolsVersion="4.0" xmlns="http://schemas.microsoft.com/developer/msbuild/2003">
  <ItemGroup>
    <Filter Include="Source Files">
      <UniqueIdentifier>{4FC737F1-C7A5-4376-A066-2A32D752A2FF}</UniqueIdentifier>
      <Extensions>cpp;c;cc;cxx;def;odl;idl;hpj;bat;asm;asmx</Extensions>
    </Filter>
    <Filter Include="Header Files">
      <UniqueIdentifier>{93995380-89BD-4b04-88EB-625FBE52EBFB}</UniqueIdentifier>
      <Extensions>h;hh;hpp;hxx;hm;inl;inc;ipp;xsd</Extensions>
    </Filter>
    <Filter Include="Resource Files">
      <UniqueIdentifier>{67DA6AB6-F800-4c08-8B7A-83BB121AAD01}</UniqueIdentifier>
      <Extensions>rc;ico;cur;bmp;dlg;rc2;rct;bin;rgs;gif;jpg;jpeg;jpe;resx;tiff;tif;png;wav;mfcribbon-ms</Extensions>
    </Filter>
  </ItemGroup>
  <ItemGroup>
    <ClCompile Include="onlinetrainer.net.vw_online_trainer.cc">
      <Filter>Source Files</Filter>
    </ClCompile>
    <ClCompile Include="api_status.cc">
      <Filter>Source Files</Filter>
    </ClCompile>
    <ClCompile Include="online_trainer.cc">
      <Filter>Source Files</Filter>
    </ClCompile>
    <ClCompile Include="trace_logger.cc">
      <Filter>Source Files</Filter>
    </ClCompile>
    <ClCompile Include="vw_model.cc">
      <Filter>Source Files</Filter>
    </ClCompile>
    <ClCompile Include="vw_settings.cc">
      <Filter>Source Files</Filter>
    </ClCompile>
  </ItemGroup>
  <ItemGroup>
    <ClInclude Include="api_status.h">
      <Filter>Header Files</Filter>
    </ClInclude>
    <ClInclude Include="err_constants.h">
      <Filter>Header Files</Filter>
    </ClInclude>
    <ClInclude Include="onlinetrainer.net.api_status.h">
      <Filter>Header Files</Filter>
    </ClInclude>
    <ClInclude Include="onlinetrainer.net.native.h">
      <Filter>Header Files</Filter>
    </ClInclude>
    <ClInclude Include="online_trainer.h">
      <Filter>Header Files</Filter>
    </ClInclude>
    <ClInclude Include="vw_settings.h">
      <Filter>Header Files</Filter>
    </ClInclude>
    <ClInclude Include="vw_model.h">
      <Filter>Header Files</Filter>
    </ClInclude>
    <ClInclude Include="trace_logger.h">
      <Filter>Header Files</Filter>
    </ClInclude>
    <ClInclude Include="onlinetrainer.net.vw_online_trainer.h">
      <Filter>Header Files</Filter>
    </ClInclude>
  </ItemGroup>
  <ItemGroup>
    <None Include="packages.config" />
  </ItemGroup>
</Project>