<?xml version="1.0" encoding="utf-8"?>
<Project ToolsVersion="4.0" xmlns="http://schemas.microsoft.com/developer/msbuild/2003">
  <ItemGroup>
    <Filter Include="Source Files">
      <UniqueIdentifier>{4FC737F1-C7A5-4376-A066-2A32D752A2FF}</UniqueIdentifier>
      <Extensions>cpp;c;cc;cxx;def;odl;idl;hpj;bat;asm;asmx</Extensions>
    </Filter>
    <Filter Include="Header Files">
      <UniqueIdentifier>{93995380-89BD-4b04-88EB-625FBE52EBFB}</UniqueIdentifier>
      <Extensions>h;hh;hpp;hxx;hm;inl;inc;xsd</Extensions>
    </Filter>
    <Filter Include="Resource Files">
      <UniqueIdentifier>{67DA6AB6-F800-4c08-8B7A-83BB121AAD01}</UniqueIdentifier>
      <Extensions>rc;ico;cur;bmp;dlg;rc2;rct;bin;rgs;gif;jpg;jpeg;jpe;resx;tiff;tif;png;wav;mfcribbon-ms</Extensions>
    </Filter>
  </ItemGroup>
  <ItemGroup>
    <Text Include="ReadMe.txt" />
  </ItemGroup>
  <ItemGroup>
    <ClInclude Include="..\include\api_status.h">
      <Filter>Header Files</Filter>
    </ClInclude>
    <ClInclude Include="logger\async_batcher.h">
      <Filter>Header Files</Filter>
    </ClInclude>
    <ClInclude Include="..\include\config_collection.h">
      <Filter>Header Files</Filter>
    </ClInclude>
    <ClInclude Include="..\include\config_utility.h">
      <Filter>Header Files</Filter>
    </ClInclude>
    <ClInclude Include="..\include\live_model.h">
      <Filter>Header Files</Filter>
    </ClInclude>
    <ClInclude Include="live_model_impl.h">
      <Filter>Header Files</Filter>
    </ClInclude>
    <ClInclude Include="restapi_data_transport.h">
      <Filter>Header Files</Filter>
    </ClInclude>
    <ClInclude Include="model_mgmt\model_mgmt.h">
      <Filter>Header Files</Filter>
    </ClInclude>
    <ClInclude Include="utility\object_factory.h">
      <Filter>Header Files</Filter>
    </ClInclude>
    <ClInclude Include="..\include\ranking_response.h">
      <Filter>Header Files</Filter>
    </ClInclude>
    <ClInclude Include="logger\logger.h">
      <Filter>Header Files</Filter>
    </ClInclude>
    <ClInclude Include="ranking_event.h">
      <Filter>Header Files</Filter>
    </ClInclude>
    <ClInclude Include="logger\eventhub_client.h">
      <Filter>Header Files</Filter>
    </ClInclude>
    <ClInclude Include="error_callback_fn.h">
      <Filter>Header Files</Filter>
    </ClInclude>
    <ClInclude Include="..\include\personalization.h">
      <Filter>Header Files</Filter>
    </ClInclude>
    <ClInclude Include="ranking_response_impl.h">
      <Filter>Header Files</Filter>
    </ClInclude>
    <ClInclude Include="logger\moving_queue.h">
      <Filter>Header Files</Filter>
    </ClInclude>
    <ClInclude Include="str_util.h">
      <Filter>Header Files</Filter>
    </ClInclude>
  </ItemGroup>
  <ItemGroup>
    <ClCompile Include="main.cc">
      <Filter>Source Files</Filter>
    </ClCompile>
    <ClCompile Include="api_status.cc">
      <Filter>Source Files</Filter>
    </ClCompile>
    <ClCompile Include="config_collection.cc">
      <Filter>Source Files</Filter>
    </ClCompile>
    <ClCompile Include="utility\config_utility.cc">
      <Filter>Source Files</Filter>
    </ClCompile>
    <ClCompile Include="live_model.cc">
      <Filter>Source Files</Filter>
    </ClCompile>
    <ClCompile Include="logger\eventhub_client.cc">
      <Filter>Source Files</Filter>
    </ClCompile>
    <ClCompile Include="logger\logger.cc">
      <Filter>Source Files</Filter>
    </ClCompile>
    <ClCompile Include="model_mgmt\model_mgmt.cc">
      <Filter>Source Files</Filter>
    </ClCompile>
    <ClCompile Include="ranking_event.cc">
      <Filter>Source Files</Filter>
    </ClCompile>
    <ClCompile Include="ranking_response.cc">
      <Filter>Source Files</Filter>
    </ClCompile>
    <ClCompile Include="restapi_data_transport.cc">
      <Filter>Source Files</Filter>
    </ClCompile>
    <ClCompile Include="error_callback_fn.cc">
      <Filter>Source Files</Filter>
    </ClCompile>
    <ClCompile Include="live_model_impl.cc">
      <Filter>Source Files</Filter>
    </ClCompile>
    <ClCompile Include="ranking_response_impl.cpp">
      <Filter>Source Files</Filter>
    </ClCompile>
    <ClCompile Include="str_util.cpp">
      <Filter>Source Files</Filter>
    </ClCompile>
  </ItemGroup>
</Project>