<?xml version="1.0" encoding="utf-8"?>
<Project ToolsVersion="4.0" xmlns="http://schemas.microsoft.com/developer/msbuild/2003">
  <ItemGroup>
    <Filter Include="Source Files">
      <UniqueIdentifier>{4FC737F1-C7A5-4376-A066-2A32D752A2FF}</UniqueIdentifier>
      <Extensions>cpp;c;cc;cxx;def;odl;idl;hpj;bat;asm;asmx</Extensions>
    </Filter>
    <Filter Include="Header Files">
      <UniqueIdentifier>{93995380-89BD-4b04-88EB-625FBE52EBFB}</UniqueIdentifier>
      <Extensions>h;hh;hpp;hxx;hm;inl;inc;xsd</Extensions>
    </Filter>
    <Filter Include="Resource Files">
      <UniqueIdentifier>{67DA6AB6-F800-4c08-8B7A-83BB121AAD01}</UniqueIdentifier>
      <Extensions>rc;ico;cur;bmp;dlg;rc2;rct;bin;rgs;gif;jpg;jpeg;jpe;resx;tiff;tif;png;wav;mfcribbon-ms</Extensions>
    </Filter>
  </ItemGroup>
  <ItemGroup>
    <Text Include="ReadMe.txt" />
  </ItemGroup>
  <ItemGroup>
    <ClInclude Include="targetver.h">
      <Filter>Header Files</Filter>
    </ClInclude>
    <ClInclude Include="ds_event.h">
      <Filter>Header Files</Filter>
    </ClInclude>
    <ClInclude Include="ds_restapi_data_transport.h">
      <Filter>Header Files</Filter>
    </ClInclude>
    <ClInclude Include="..\include\ds_driver.h">
      <Filter>Header Files</Filter>
    </ClInclude>
    <ClInclude Include="..\include\ds_ranking_response.h">
      <Filter>Header Files</Filter>
    </ClInclude>
    <ClInclude Include="..\include\ds_utility.h">
      <Filter>Header Files</Filter>
    </ClInclude>
    <ClInclude Include="model_mgmt\ds_model_mgmt.h">
      <Filter>Header Files</Filter>
    </ClInclude>
    <ClInclude Include="utility\ds_object_factory.h">
      <Filter>Header Files</Filter>
    </ClInclude>
    <ClInclude Include="logger\ds_async_batcher.h">
      <Filter>Header Files</Filter>
    </ClInclude>
    <ClInclude Include="logger\ds_concurrent_queue.h">
      <Filter>Header Files</Filter>
    </ClInclude>
    <ClInclude Include="logger\ds_eventhub_client.h">
      <Filter>Header Files</Filter>
    </ClInclude>
    <ClInclude Include="logger\ds_logger.h">
      <Filter>Header Files</Filter>
    </ClInclude>
    <ClInclude Include="..\include\ds_config_collection.h">
      <Filter>Header Files</Filter>
    </ClInclude>
    <ClInclude Include="..\include\ds_api_status.h">
      <Filter>Header Files</Filter>
    </ClInclude>
  </ItemGroup>
  <ItemGroup>
    <ClCompile Include="ds_config_collection.cc">
      <Filter>Source Files</Filter>
    </ClCompile>
    <ClCompile Include="ds_driver.cc">
      <Filter>Source Files</Filter>
    </ClCompile>
    <ClCompile Include="ds_event.cc">
      <Filter>Source Files</Filter>
    </ClCompile>
    <ClCompile Include="ds_ranking_response.cc">
      <Filter>Source Files</Filter>
    </ClCompile>
    <ClCompile Include="ds_restapi_data_transport.cc">
      <Filter>Source Files</Filter>
    </ClCompile>
    <ClCompile Include="main.cc">
      <Filter>Source Files</Filter>
    </ClCompile>
    <ClCompile Include="model_mgmt\ds_model_mgmt.cc">
      <Filter>Source Files</Filter>
    </ClCompile>
    <ClCompile Include="utility\ds_utility.cc">
      <Filter>Source Files</Filter>
    </ClCompile>
    <ClCompile Include="logger\ds_eventhub_client.cc">
      <Filter>Source Files</Filter>
    </ClCompile>
    <ClCompile Include="logger\ds_logger.cc">
      <Filter>Source Files</Filter>
    </ClCompile>
    <ClCompile Include="ds_api_status.cc">
      <Filter>Source Files</Filter>
    </ClCompile>
  </ItemGroup>
</Project>